PODS:
  - AwesomeEnum (2.2.1)
  - RxCocoa (6.6.0):
    - RxRelay (= 6.6.0)
    - RxSwift (= 6.6.0)
  - RxRelay (6.6.0):
    - RxSwift (= 6.6.0)
  - RxSwift (6.6.0)

DEPENDENCIES:
  - AwesomeEnum
  - RxCocoa (~> 6.6)
  - RxSwift

SPEC REPOS:
  trunk:
    - AwesomeEnum
    - RxCocoa
    - RxRelay
    - RxSwift

SPEC CHECKSUMS:
  AwesomeEnum: 9283d55c3d43eeb694168665609613df108662f8
  RxCocoa: 44a80de90e25b739b5aeaae3c8c371a32e3343cc
  RxRelay: 45eaa5db8ee4fb50e5ebd57deec0159e97fa51e6
  RxSwift: a4b44f7d24599f674deebd1818eab82e58410632

PODFILE CHECKSUM: f097d5c31ae6dd9f7d288c36e38461b470ad07ae

COCOAPODS: 1.14.2
