{
  "pins" : [
    {
      "identity" : "iphonenumberfield",
      "kind" : "remoteSourceControl",
      "location" : "https://github.com/MojtabaHs/iPhoneNumberField.git",
      "state" : {
        "revision" : "5298972c899ba3555a77549bebeace2e16bc927d",
        "version" : "0.10.1"
      }
    },
    {
      "identity" : "phonenumberkit",
      "kind" : "remoteSourceControl",
      "location" : "https://github.com/marmelroy/PhoneNumberKit",
      "state" : {
        "revision" : "d2886b0735a47e47fb227504666756efb2e2ac26",
        "version" : "3.7.6"
      }
    },
    {
      "identity" : "swiftui-currency-field",
      "kind" : "remoteSourceControl",
      "location" : "https://github.com/jtrinc/swiftui-currency-field",
      "state" : {
        "revision" : "8a0f3f26695710464ca8a0a7ddba2f3a6b2f2f2d",
        "version" : "1.0.2"
      }
    }
  ],
  "version" : 2
}
