// !$*UTF8*$!
{
	archiveVersion = 1;
	classes = {
	};
	objectVersion = 56;
	objects = {

/* Begin PBXBuildFile section */
		51F87758C4ED118B425357B6 /* Pods_IOSApplicationTests.framework in Frameworks */ = {isa = PBXBuildFile; fileRef = 92F817D853003CC5C1F3DE56 /* Pods_IOSApplicationTests.framework */; };
		7F63078F5ACF6EEB5BCC5573 /* Pods_IOSApplication.framework in Frameworks */ = {isa = PBXBuildFile; fileRef = 384412D45B4D1DEBC05B897C /* Pods_IOSApplication.framework */; };
		A20AE1333818732725373B19 /* Pods_IOSApplication_IOSApplicationUITests.framework in Frameworks */ = {isa = PBXBuildFile; fileRef = 048E947CDB29B56EDF263A42 /* Pods_IOSApplication_IOSApplicationUITests.framework */; };
		B20084962B5EE9610040BC60 /* JoinCommunityOrApplyView.swift in Sources */ = {isa = PBXBuildFile; fileRef = B20084952B5EE9610040BC60 /* JoinCommunityOrApplyView.swift */; };
		B20084992B5EE9910040BC60 /* rcButton.swift in Sources */ = {isa = PBXBuildFile; fileRef = B20084982B5EE9910040BC60 /* rcButton.swift */; };
		B200849B2B5EEB160040BC60 /* rcButtonSecondary.swift in Sources */ = {isa = PBXBuildFile; fileRef = B200849A2B5EEB160040BC60 /* rcButtonSecondary.swift */; };
		B200849D2B5EECD20040BC60 /* JoinCommunityView.swift in Sources */ = {isa = PBXBuildFile; fileRef = B200849C2B5EECD20040BC60 /* JoinCommunityView.swift */; };
		B200849F2B5EECEE0040BC60 /* ApplyForCommunityView.swift in Sources */ = {isa = PBXBuildFile; fileRef = B200849E2B5EECEE0040BC60 /* ApplyForCommunityView.swift */; };
		B2254AEE2AF6FD6A00A21DA3 /* RareConnectApp.swift in Sources */ = {isa = PBXBuildFile; fileRef = B2254AED2AF6FD6A00A21DA3 /* RareConnectApp.swift */; };
		B2254AF02AF6FD6A00A21DA3 /* ContentView.swift in Sources */ = {isa = PBXBuildFile; fileRef = B2254AEF2AF6FD6A00A21DA3 /* ContentView.swift */; };
		B2254AF42AF6FD6B00A21DA3 /* Assets.xcassets in Resources */ = {isa = PBXBuildFile; fileRef = B2254AF32AF6FD6B00A21DA3 /* Assets.xcassets */; };
		B2254AF72AF6FD6B00A21DA3 /* Preview Assets.xcassets in Resources */ = {isa = PBXBuildFile; fileRef = B2254AF62AF6FD6B00A21DA3 /* Preview Assets.xcassets */; };
		B2254B012AF6FD6B00A21DA3 /* IOSApplicationTests.swift in Sources */ = {isa = PBXBuildFile; fileRef = B2254B002AF6FD6B00A21DA3 /* IOSApplicationTests.swift */; };
		B2254B0B2AF6FD6B00A21DA3 /* IOSApplicationUITests.swift in Sources */ = {isa = PBXBuildFile; fileRef = B2254B0A2AF6FD6B00A21DA3 /* IOSApplicationUITests.swift */; };
		B2254B0D2AF6FD6B00A21DA3 /* IOSApplicationUITestsLaunchTests.swift in Sources */ = {isa = PBXBuildFile; fileRef = B2254B0C2AF6FD6B00A21DA3 /* IOSApplicationUITestsLaunchTests.swift */; };
		B2254B1F2AF70D8500A21DA3 /* APICaller.swift in Sources */ = {isa = PBXBuildFile; fileRef = B2254B1E2AF70D8500A21DA3 /* APICaller.swift */; };
		B2254B222AF70DC600A21DA3 /* APIBase.swift in Sources */ = {isa = PBXBuildFile; fileRef = B2254B212AF70DC600A21DA3 /* APIBase.swift */; };
		B226F1CD2B938EB3001ED498 /* APIDispatcher.swift in Sources */ = {isa = PBXBuildFile; fileRef = B226F1CC2B938EB3001ED498 /* APIDispatcher.swift */; };
		B23169932BD452DA000569F5 /* AppStateClass.swift in Sources */ = {isa = PBXBuildFile; fileRef = B23169922BD452DA000569F5 /* AppStateClass.swift */; };
		B23169952BD6D32F000569F5 /* logs.swift in Sources */ = {isa = PBXBuildFile; fileRef = B23169942BD6D32F000569F5 /* logs.swift */; };
		B23885CA2B1E5116004ADCBF /* APIResponseCode.swift in Sources */ = {isa = PBXBuildFile; fileRef = B23885C92B1E5116004ADCBF /* APIResponseCode.swift */; };
		B23885D12B1ECBCE004ADCBF /* HttpStatusView.swift in Sources */ = {isa = PBXBuildFile; fileRef = B23885D02B1ECBCE004ADCBF /* HttpStatusView.swift */; };
		B23885D52B223E82004ADCBF /* APIUtilityFunctions.swift in Sources */ = {isa = PBXBuildFile; fileRef = B23885D42B223E82004ADCBF /* APIUtilityFunctions.swift */; };
		B23885D92B2786B7004ADCBF /* ViewModel.swift in Sources */ = {isa = PBXBuildFile; fileRef = B23885D82B2786B7004ADCBF /* ViewModel.swift */; };
		B23885DF2B279887004ADCBF /* TableView.swift in Sources */ = {isa = PBXBuildFile; fileRef = B23885DE2B279887004ADCBF /* TableView.swift */; };
		B23885E22B279AA6004ADCBF /* CustomCell.swift in Sources */ = {isa = PBXBuildFile; fileRef = B23885E12B279AA6004ADCBF /* CustomCell.swift */; };
		B23885E52B2A2FD5004ADCBF /* LoginView.swift in Sources */ = {isa = PBXBuildFile; fileRef = B23885E42B2A2FD5004ADCBF /* LoginView.swift */; };
		B23885E72B2A32CD004ADCBF /* ForgotPasswordView.swift in Sources */ = {isa = PBXBuildFile; fileRef = B23885E62B2A32CD004ADCBF /* ForgotPasswordView.swift */; };
		B23885E92B2A32D8004ADCBF /* CreateUserView.swift in Sources */ = {isa = PBXBuildFile; fileRef = B23885E82B2A32D8004ADCBF /* CreateUserView.swift */; };
		B23885EB2B2A3568004ADCBF /* HomeView.swift in Sources */ = {isa = PBXBuildFile; fileRef = B23885EA2B2A3568004ADCBF /* HomeView.swift */; };
		B23885ED2B2A3826004ADCBF /* AuthorizationVM.swift in Sources */ = {isa = PBXBuildFile; fileRef = B23885EC2B2A3825004ADCBF /* AuthorizationVM.swift */; };
		B23A8AD82B7D356A00817686 /* rcTextField.swift in Sources */ = {isa = PBXBuildFile; fileRef = B23A8AD72B7D356A00817686 /* rcTextField.swift */; };
		B23A8ADA2B7D392200817686 /* rcEditableText.swift in Sources */ = {isa = PBXBuildFile; fileRef = B23A8AD92B7D392200817686 /* rcEditableText.swift */; };
		B23A8ADC2B7D421F00817686 /* rcCurrencyInput.swift in Sources */ = {isa = PBXBuildFile; fileRef = B23A8ADB2B7D421F00817686 /* rcCurrencyInput.swift */; };
		B23A8ADF2B7D4DEF00817686 /* CurrencyField in Frameworks */ = {isa = PBXBuildFile; productRef = B23A8ADE2B7D4DEF00817686 /* CurrencyField */; };
		B23A8AE12B7E82F700817686 /* rcPost.swift in Sources */ = {isa = PBXBuildFile; fileRef = B23A8AE02B7E82F700817686 /* rcPost.swift */; };
		B23A8AE32B7E831E00817686 /* CommunityBoard.swift in Sources */ = {isa = PBXBuildFile; fileRef = B23A8AE22B7E831E00817686 /* CommunityBoard.swift */; };
		B23A8AE52B7E84AE00817686 /* rcUpVote.swift in Sources */ = {isa = PBXBuildFile; fileRef = B23A8AE42B7E84AE00817686 /* rcUpVote.swift */; };
		B23A8AE72B7E884600817686 /* CommunityBoardView.swift in Sources */ = {isa = PBXBuildFile; fileRef = B23A8AE62B7E884600817686 /* CommunityBoardView.swift */; };
		B23A8AE92B7E887400817686 /* rcHorizontalScrollView.swift in Sources */ = {isa = PBXBuildFile; fileRef = B23A8AE82B7E887400817686 /* rcHorizontalScrollView.swift */; };
		B23A8AEB2B7E8C8A00817686 /* rcComment.swift in Sources */ = {isa = PBXBuildFile; fileRef = B23A8AEA2B7E8C8A00817686 /* rcComment.swift */; };
		B23A8AED2B7E95C600817686 /* rcPinPost.swift in Sources */ = {isa = PBXBuildFile; fileRef = B23A8AEC2B7E95C600817686 /* rcPinPost.swift */; };
		B23A8AEF2B7EA11000817686 /* rcActiveText.swift in Sources */ = {isa = PBXBuildFile; fileRef = B23A8AEE2B7EA11000817686 /* rcActiveText.swift */; };
		B24176A42B9F8CFD00060ECB /* CommunityBoardSearchView.swift in Sources */ = {isa = PBXBuildFile; fileRef = B24176A32B9F8CFD00060ECB /* CommunityBoardSearchView.swift */; };
		B24176A72BA0C41F00060ECB /* rcImage.swift in Sources */ = {isa = PBXBuildFile; fileRef = B24176A62BA0C41F00060ECB /* rcImage.swift */; };
		B25C61932B729A31006BA793 /* ErrorDisplay.swift in Sources */ = {isa = PBXBuildFile; fileRef = B25C61922B729A31006BA793 /* ErrorDisplay.swift */; };
		B25C61952B7547DE006BA793 /* HelperFunctions.swift in Sources */ = {isa = PBXBuildFile; fileRef = B25C61942B7547DE006BA793 /* HelperFunctions.swift */; };
		B25C61972B7550CE006BA793 /* EditableView.swift in Sources */ = {isa = PBXBuildFile; fileRef = B25C61962B7550CE006BA793 /* EditableView.swift */; };
		B25C61992B755C18006BA793 /* EditingView.swift in Sources */ = {isa = PBXBuildFile; fileRef = B25C61982B755C18006BA793 /* EditingView.swift */; };
		B25C619B2B7AC7C2006BA793 /* donation.swift in Sources */ = {isa = PBXBuildFile; fileRef = B25C619A2B7AC7C2006BA793 /* donation.swift */; };
		B25C619D2B7AC7F3006BA793 /* Donation.swift in Sources */ = {isa = PBXBuildFile; fileRef = B25C619C2B7AC7F3006BA793 /* Donation.swift */; };
		B25C619F2B7AC925006BA793 /* DonationView.swift in Sources */ = {isa = PBXBuildFile; fileRef = B25C619E2B7AC925006BA793 /* DonationView.swift */; };
		B25C61A12B7ACB21006BA793 /* DonationVM.swift in Sources */ = {isa = PBXBuildFile; fileRef = B25C61A02B7ACB21006BA793 /* DonationVM.swift */; };
		B26246892B5EF43800A54A6D /* rcNavigationButton.swift in Sources */ = {isa = PBXBuildFile; fileRef = B26246882B5EF43800A54A6D /* rcNavigationButton.swift */; };
		B262468C2B5EF6D500A54A6D /* rcNavigationText.swift in Sources */ = {isa = PBXBuildFile; fileRef = B262468B2B5EF6D500A54A6D /* rcNavigationText.swift */; };
		B262468F2B5F24B000A54A6D /* ApplicationState.swift in Sources */ = {isa = PBXBuildFile; fileRef = B262468E2B5F24B000A54A6D /* ApplicationState.swift */; };
		B26246912B5F250800A54A6D /* Communities.swift in Sources */ = {isa = PBXBuildFile; fileRef = B26246902B5F250800A54A6D /* Communities.swift */; };
		B26246932B5F27B000A54A6D /* communities.swift in Sources */ = {isa = PBXBuildFile; fileRef = B26246922B5F27B000A54A6D /* communities.swift */; };
		B270E1212B8FA39D00AE9A14 /* people.swift in Sources */ = {isa = PBXBuildFile; fileRef = B270E1202B8FA39D00AE9A14 /* people.swift */; };
		B270E1232B8FA3B900AE9A14 /* People.swift in Sources */ = {isa = PBXBuildFile; fileRef = B270E1222B8FA3B900AE9A14 /* People.swift */; };
		B270E1252B8FA43F00AE9A14 /* SearchVM.swift in Sources */ = {isa = PBXBuildFile; fileRef = B270E1242B8FA43F00AE9A14 /* SearchVM.swift */; };
		B270E1272B8FA87700AE9A14 /* PeopleView.swift in Sources */ = {isa = PBXBuildFile; fileRef = B270E1262B8FA87700AE9A14 /* PeopleView.swift */; };
		B270E1292B8FA93900AE9A14 /* rcDatabaseSearch.swift in Sources */ = {isa = PBXBuildFile; fileRef = B270E1282B8FA93900AE9A14 /* rcDatabaseSearch.swift */; };
		B281602E2BC07D98003143C5 /* ButtonStyles.swift in Sources */ = {isa = PBXBuildFile; fileRef = B281602D2BC07D98003143C5 /* ButtonStyles.swift */; };
		B28160302BC096DE003143C5 /* General.swift in Sources */ = {isa = PBXBuildFile; fileRef = B281602F2BC096DE003143C5 /* General.swift */; };
		B28D14202B4F750000C8E387 /* BooleanDebug.swift in Sources */ = {isa = PBXBuildFile; fileRef = B28D141F2B4F750000C8E387 /* BooleanDebug.swift */; };
		B28D14222B51B83900C8E387 /* ViewModelUtilityFunctions.swift in Sources */ = {isa = PBXBuildFile; fileRef = B28D14212B51B83900C8E387 /* ViewModelUtilityFunctions.swift */; };
		B28D14242B51C99100C8E387 /* APIResponseDisplay.swift in Sources */ = {isa = PBXBuildFile; fileRef = B28D14232B51C99100C8E387 /* APIResponseDisplay.swift */; };
		B28D14272B53017500C8E387 /* UserProfile.swift in Sources */ = {isa = PBXBuildFile; fileRef = B28D14262B53017500C8E387 /* UserProfile.swift */; };
		B28D142A2B530DB800C8E387 /* rcTextInput.swift in Sources */ = {isa = PBXBuildFile; fileRef = B28D14292B530DB800C8E387 /* rcTextInput.swift */; };
		B28D142C2B530ED800C8E387 /* rcConditionalTextInput.swift in Sources */ = {isa = PBXBuildFile; fileRef = B28D142B2B530ED800C8E387 /* rcConditionalTextInput.swift */; };
		B28D142E2B53138000C8E387 /* rcNumberInput.swift in Sources */ = {isa = PBXBuildFile; fileRef = B28D142D2B53138000C8E387 /* rcNumberInput.swift */; };
		B28D14302B53140C00C8E387 /* rcEnumMultiSelect.swift in Sources */ = {isa = PBXBuildFile; fileRef = B28D142F2B53140C00C8E387 /* rcEnumMultiSelect.swift */; };
		B28D14322B5392FA00C8E387 /* rcDropdownSelect.swift in Sources */ = {isa = PBXBuildFile; fileRef = B28D14312B5392FA00C8E387 /* rcDropdownSelect.swift */; };
		B28D14352B573D2B00C8E387 /* rcSecureField.swift in Sources */ = {isa = PBXBuildFile; fileRef = B28D14342B573D2B00C8E387 /* rcSecureField.swift */; };
		B28D14372B584A1800C8E387 /* LogoView.swift in Sources */ = {isa = PBXBuildFile; fileRef = B28D14362B584A1800C8E387 /* LogoView.swift */; };
		B28D14392B5A42CF00C8E387 /* GeneralVM.swift in Sources */ = {isa = PBXBuildFile; fileRef = B28D14382B5A42CF00C8E387 /* GeneralVM.swift */; };
		B28D143C2B5AECEF00C8E387 /* profile.swift in Sources */ = {isa = PBXBuildFile; fileRef = B28D143B2B5AECEF00C8E387 /* profile.swift */; };
		B28D143E2B5AECF900C8E387 /* auth.swift in Sources */ = {isa = PBXBuildFile; fileRef = B28D143D2B5AECF900C8E387 /* auth.swift */; };
		B29182E42B922F5B00843098 /* ProfileView.swift in Sources */ = {isa = PBXBuildFile; fileRef = B29182E32B922F5B00843098 /* ProfileView.swift */; };
		B29182E62B9261D400843098 /* APIResultView.swift in Sources */ = {isa = PBXBuildFile; fileRef = B29182E52B9261D400843098 /* APIResultView.swift */; };
		B29182E82B926A6E00843098 /* rcRoleView.swift in Sources */ = {isa = PBXBuildFile; fileRef = B29182E72B926A6E00843098 /* rcRoleView.swift */; };
		B29A9A722B6976340099E57F /* SidebarView.swift in Sources */ = {isa = PBXBuildFile; fileRef = B29A9A712B6976340099E57F /* SidebarView.swift */; };
		B29EE0822BA60B9A000839F4 /* CommunityUpdatesView.swift in Sources */ = {isa = PBXBuildFile; fileRef = B29EE0812BA60B9A000839F4 /* CommunityUpdatesView.swift */; };
		B2A27B6C2B62F93700EBF902 /* TimeElapsedView.swift in Sources */ = {isa = PBXBuildFile; fileRef = B2A27B6B2B62F93700EBF902 /* TimeElapsedView.swift */; };
		B2A27B6E2B64463A00EBF902 /* PostLoginViewDecider.swift in Sources */ = {isa = PBXBuildFile; fileRef = B2A27B6D2B64463A00EBF902 /* PostLoginViewDecider.swift */; };
		B2A27B702B657E1800EBF902 /* rcPhoneInput.swift in Sources */ = {isa = PBXBuildFile; fileRef = B2A27B6F2B657E1800EBF902 /* rcPhoneInput.swift */; };
		B2A27B722B66F9CB00EBF902 /* rcSlideView.swift in Sources */ = {isa = PBXBuildFile; fileRef = B2A27B712B66F9CB00EBF902 /* rcSlideView.swift */; };
		B2A27B772B680CA400EBF902 /* rcHeadline.swift in Sources */ = {isa = PBXBuildFile; fileRef = B2A27B762B680CA400EBF902 /* rcHeadline.swift */; };
		B2A27B792B681CA300EBF902 /* rcSubText.swift in Sources */ = {isa = PBXBuildFile; fileRef = B2A27B782B681CA300EBF902 /* rcSubText.swift */; };
		B2A7F0CB2B683022009EBC95 /* rcTextLarge.swift in Sources */ = {isa = PBXBuildFile; fileRef = B2A7F0CA2B683022009EBC95 /* rcTextLarge.swift */; };
		B2A7F0CD2B6836C8009EBC95 /* rcText.swift in Sources */ = {isa = PBXBuildFile; fileRef = B2A7F0CC2B6836C8009EBC95 /* rcText.swift */; };
		B2BD92E82B90F10900A50448 /* SearchAPIRequest.swift in Sources */ = {isa = PBXBuildFile; fileRef = B2BD92E72B90F10900A50448 /* SearchAPIRequest.swift */; };
		B2BE26342B7FD77600E3E2D6 /* rcIcon.swift in Sources */ = {isa = PBXBuildFile; fileRef = B2BE26332B7FD77600E3E2D6 /* rcIcon.swift */; };
		B2C00DFF2B87C521002A336F /* Constants.swift in Sources */ = {isa = PBXBuildFile; fileRef = B2C00DFE2B87C521002A336F /* Constants.swift */; };
		B2C00E012B87C5C3002A336F /* rcFavorited.swift in Sources */ = {isa = PBXBuildFile; fileRef = B2C00E002B87C5C3002A336F /* rcFavorited.swift */; };
		B2C00E032B890567002A336F /* rcPinnedPost.swift in Sources */ = {isa = PBXBuildFile; fileRef = B2C00E022B890567002A336F /* rcPinnedPost.swift */; };
		B2C00E052B89068A002A336F /* CreateNewPostView.swift in Sources */ = {isa = PBXBuildFile; fileRef = B2C00E042B89068A002A336F /* CreateNewPostView.swift */; };
		B2C2CFF22B82D74A0043A1D6 /* rcSearchView.swift in Sources */ = {isa = PBXBuildFile; fileRef = B2C2CFF12B82D74A0043A1D6 /* rcSearchView.swift */; };
		B2C2CFF42B82E5F70043A1D6 /* community_board.swift in Sources */ = {isa = PBXBuildFile; fileRef = B2C2CFF32B82E5F70043A1D6 /* community_board.swift */; };
		B2C2CFF62B852A890043A1D6 /* CommunityBoardVM.swift in Sources */ = {isa = PBXBuildFile; fileRef = B2C2CFF52B852A890043A1D6 /* CommunityBoardVM.swift */; };
		B2C2CFF82B866F8A0043A1D6 /* rcCommentSection.swift in Sources */ = {isa = PBXBuildFile; fileRef = B2C2CFF72B866F8A0043A1D6 /* rcCommentSection.swift */; };
		B2CA3F7B2B6EB7CB006E88CA /* Guidelines.swift in Sources */ = {isa = PBXBuildFile; fileRef = B2CA3F7A2B6EB7CB006E88CA /* Guidelines.swift */; };
		B2CA3F7E2B6EB82D006E88CA /* guidelines.swift in Sources */ = {isa = PBXBuildFile; fileRef = B2CA3F7D2B6EB82D006E88CA /* guidelines.swift */; };
		B2CA3F812B6EBBFF006E88CA /* CommunityGuidelinesView.swift in Sources */ = {isa = PBXBuildFile; fileRef = B2CA3F802B6EBBFF006E88CA /* CommunityGuidelinesView.swift */; };
		B2CA3F842B6EC48F006E88CA /* GuidelinesVM.swift in Sources */ = {isa = PBXBuildFile; fileRef = B2CA3F832B6EC48F006E88CA /* GuidelinesVM.swift */; };
		B2DE62442B9CECE30099FAB3 /* faq.swift in Sources */ = {isa = PBXBuildFile; fileRef = B2DE62432B9CECE30099FAB3 /* faq.swift */; };
		B2DE62462B9CED0D0099FAB3 /* Faq.swift in Sources */ = {isa = PBXBuildFile; fileRef = B2DE62452B9CED0D0099FAB3 /* Faq.swift */; };
		B2DE62482B9CEF6F0099FAB3 /* FaqVM.swift in Sources */ = {isa = PBXBuildFile; fileRef = B2DE62472B9CEF6F0099FAB3 /* FaqVM.swift */; };
		B2DE624C2B9CF0FB0099FAB3 /* FAQView.swift in Sources */ = {isa = PBXBuildFile; fileRef = B2DE624B2B9CF0FB0099FAB3 /* FAQView.swift */; };
		B2DE624E2B9CF3380099FAB3 /* rcDropdown.swift in Sources */ = {isa = PBXBuildFile; fileRef = B2DE624D2B9CF3380099FAB3 /* rcDropdown.swift */; };
		B2E841202B605E4E0047CDC5 /* CommunitySelectView.swift in Sources */ = {isa = PBXBuildFile; fileRef = B2E8411F2B605E4E0047CDC5 /* CommunitySelectView.swift */; };
		B2E841222B605EB30047CDC5 /* CommunityRequestsView.swift in Sources */ = {isa = PBXBuildFile; fileRef = B2E841212B605EB30047CDC5 /* CommunityRequestsView.swift */; };
		B2E841252B60666E0047CDC5 /* rcSelectableListItem.swift in Sources */ = {isa = PBXBuildFile; fileRef = B2E841242B60666E0047CDC5 /* rcSelectableListItem.swift */; };
		B2E841272B606B700047CDC5 /* rcCommunitySelectDropdown.swift in Sources */ = {isa = PBXBuildFile; fileRef = B2E841262B606B700047CDC5 /* rcCommunitySelectDropdown.swift */; };
		B2E841292B61892C0047CDC5 /* rcQuestionPrompt.swift in Sources */ = {isa = PBXBuildFile; fileRef = B2E841282B61892C0047CDC5 /* rcQuestionPrompt.swift */; };
		B2E8412C2B61A5F40047CDC5 /* InputValidation.swift in Sources */ = {isa = PBXBuildFile; fileRef = B2E8412B2B61A5F40047CDC5 /* InputValidation.swift */; };
		B2E8412F2B61A7BD0047CDC5 /* iPhoneNumberField in Frameworks */ = {isa = PBXBuildFile; productRef = B2E8412E2B61A7BD0047CDC5 /* iPhoneNumberField */; };
		B2E841322B61C32A0047CDC5 /* RequestStatusView.swift in Sources */ = {isa = PBXBuildFile; fileRef = B2E841312B61C32A0047CDC5 /* RequestStatusView.swift */; };
		B2E841352B6228C80047CDC5 /* rcListView.swift in Sources */ = {isa = PBXBuildFile; fileRef = B2E841342B6228C80047CDC5 /* rcListView.swift */; };
		B2ECFDB82BA7B7A500F33207 /* community_updates.swift in Sources */ = {isa = PBXBuildFile; fileRef = B2ECFDB72BA7B7A500F33207 /* community_updates.swift */; };
		B2ECFDBA2BA7B7B900F33207 /* Community Updates.swift in Sources */ = {isa = PBXBuildFile; fileRef = B2ECFDB92BA7B7B900F33207 /* Community Updates.swift */; };
		B2ECFDBC2BA7BC1400F33207 /* CommunityUpdatesVM.swift in Sources */ = {isa = PBXBuildFile; fileRef = B2ECFDBB2BA7BC1400F33207 /* CommunityUpdatesVM.swift */; };
		B2ECFDBE2BA7F1D200F33207 /* ArticleView.swift in Sources */ = {isa = PBXBuildFile; fileRef = B2ECFDBD2BA7F1D200F33207 /* ArticleView.swift */; };
		B2ECFDC02BA8946200F33207 /* CreateArticleView.swift in Sources */ = {isa = PBXBuildFile; fileRef = B2ECFDBF2BA8946200F33207 /* CreateArticleView.swift */; };
		B2ECFDC22BAB5FCB00F33207 /* SearchParameterSelectView.swift in Sources */ = {isa = PBXBuildFile; fileRef = B2ECFDC12BAB5FCB00F33207 /* SearchParameterSelectView.swift */; };
		B2FD53922BFC4B5A00C34CAA /* admin.swift in Sources */ = {isa = PBXBuildFile; fileRef = B2FD53912BFC4B5A00C34CAA /* admin.swift */; };
		B2FD53942BFC4B9000C34CAA /* Admin.swift in Sources */ = {isa = PBXBuildFile; fileRef = B2FD53932BFC4B9000C34CAA /* Admin.swift */; };
		B2FD53962BFC4EED00C34CAA /* AdminView.swift in Sources */ = {isa = PBXBuildFile; fileRef = B2FD53952BFC4EED00C34CAA /* AdminView.swift */; };
		B2FD539A2BFC516F00C34CAA /* AdminVM.swift in Sources */ = {isa = PBXBuildFile; fileRef = B2FD53992BFC516F00C34CAA /* AdminVM.swift */; };
		B2FD539D2BFC5AB000C34CAA /* FlaggedPost.swift in Sources */ = {isa = PBXBuildFile; fileRef = B2FD539C2BFC5AB000C34CAA /* FlaggedPost.swift */; };
/* End PBXBuildFile section */

/* Begin PBXContainerItemProxy section */
		B2254AFD2AF6FD6B00A21DA3 /* PBXContainerItemProxy */ = {
			isa = PBXContainerItemProxy;
			containerPortal = B2254AE22AF6FD6A00A21DA3 /* Project object */;
			proxyType = 1;
			remoteGlobalIDString = B2254AE92AF6FD6A00A21DA3;
			remoteInfo = IOSApplication;
		};
		B2254B072AF6FD6B00A21DA3 /* PBXContainerItemProxy */ = {
			isa = PBXContainerItemProxy;
			containerPortal = B2254AE22AF6FD6A00A21DA3 /* Project object */;
			proxyType = 1;
			remoteGlobalIDString = B2254AE92AF6FD6A00A21DA3;
			remoteInfo = IOSApplication;
		};
/* End PBXContainerItemProxy section */

/* Begin PBXFileReference section */
		048E947CDB29B56EDF263A42 /* Pods_IOSApplication_IOSApplicationUITests.framework */ = {isa = PBXFileReference; explicitFileType = wrapper.framework; includeInIndex = 0; path = Pods_IOSApplication_IOSApplicationUITests.framework; sourceTree = BUILT_PRODUCTS_DIR; };
		09B5FC0BD5D4751ACDB264F2 /* Pods-IOSApplication-IOSApplicationUITests.release.xcconfig */ = {isa = PBXFileReference; includeInIndex = 1; lastKnownFileType = text.xcconfig; name = "Pods-IOSApplication-IOSApplicationUITests.release.xcconfig"; path = "Target Support Files/Pods-IOSApplication-IOSApplicationUITests/Pods-IOSApplication-IOSApplicationUITests.release.xcconfig"; sourceTree = "<group>"; };
		384412D45B4D1DEBC05B897C /* Pods_IOSApplication.framework */ = {isa = PBXFileReference; explicitFileType = wrapper.framework; includeInIndex = 0; path = Pods_IOSApplication.framework; sourceTree = BUILT_PRODUCTS_DIR; };
		3BCC22450389D4127B6CF027 /* Pods-IOSApplicationTests.debug.xcconfig */ = {isa = PBXFileReference; includeInIndex = 1; lastKnownFileType = text.xcconfig; name = "Pods-IOSApplicationTests.debug.xcconfig"; path = "Target Support Files/Pods-IOSApplicationTests/Pods-IOSApplicationTests.debug.xcconfig"; sourceTree = "<group>"; };
		48E992F9A8F73352E7BC2D7D /* Pods-IOSApplication.debug.xcconfig */ = {isa = PBXFileReference; includeInIndex = 1; lastKnownFileType = text.xcconfig; name = "Pods-IOSApplication.debug.xcconfig"; path = "Target Support Files/Pods-IOSApplication/Pods-IOSApplication.debug.xcconfig"; sourceTree = "<group>"; };
		4EBE26D127719FA2B44E2EB1 /* Pods-IOSApplication.release.xcconfig */ = {isa = PBXFileReference; includeInIndex = 1; lastKnownFileType = text.xcconfig; name = "Pods-IOSApplication.release.xcconfig"; path = "Target Support Files/Pods-IOSApplication/Pods-IOSApplication.release.xcconfig"; sourceTree = "<group>"; };
		605AA3D019391EDCAA0405DF /* Pods-IOSApplicationTests.release.xcconfig */ = {isa = PBXFileReference; includeInIndex = 1; lastKnownFileType = text.xcconfig; name = "Pods-IOSApplicationTests.release.xcconfig"; path = "Target Support Files/Pods-IOSApplicationTests/Pods-IOSApplicationTests.release.xcconfig"; sourceTree = "<group>"; };
		92F817D853003CC5C1F3DE56 /* Pods_IOSApplicationTests.framework */ = {isa = PBXFileReference; explicitFileType = wrapper.framework; includeInIndex = 0; path = Pods_IOSApplicationTests.framework; sourceTree = BUILT_PRODUCTS_DIR; };
		B20084952B5EE9610040BC60 /* JoinCommunityOrApplyView.swift */ = {isa = PBXFileReference; lastKnownFileType = sourcecode.swift; path = JoinCommunityOrApplyView.swift; sourceTree = "<group>"; };
		B20084982B5EE9910040BC60 /* rcButton.swift */ = {isa = PBXFileReference; lastKnownFileType = sourcecode.swift; path = rcButton.swift; sourceTree = "<group>"; };
		B200849A2B5EEB160040BC60 /* rcButtonSecondary.swift */ = {isa = PBXFileReference; lastKnownFileType = sourcecode.swift; path = rcButtonSecondary.swift; sourceTree = "<group>"; };
		B200849C2B5EECD20040BC60 /* JoinCommunityView.swift */ = {isa = PBXFileReference; lastKnownFileType = sourcecode.swift; path = JoinCommunityView.swift; sourceTree = "<group>"; };
		B200849E2B5EECEE0040BC60 /* ApplyForCommunityView.swift */ = {isa = PBXFileReference; lastKnownFileType = sourcecode.swift; path = ApplyForCommunityView.swift; sourceTree = "<group>"; };
		B2254AEA2AF6FD6A00A21DA3 /* IOSApplication.app */ = {isa = PBXFileReference; explicitFileType = wrapper.application; includeInIndex = 0; path = IOSApplication.app; sourceTree = BUILT_PRODUCTS_DIR; };
		B2254AED2AF6FD6A00A21DA3 /* RareConnectApp.swift */ = {isa = PBXFileReference; lastKnownFileType = sourcecode.swift; path = RareConnectApp.swift; sourceTree = "<group>"; };
		B2254AEF2AF6FD6A00A21DA3 /* ContentView.swift */ = {isa = PBXFileReference; lastKnownFileType = sourcecode.swift; path = ContentView.swift; sourceTree = "<group>"; };
		B2254AF32AF6FD6B00A21DA3 /* Assets.xcassets */ = {isa = PBXFileReference; lastKnownFileType = folder.assetcatalog; path = Assets.xcassets; sourceTree = "<group>"; };
		B2254AF62AF6FD6B00A21DA3 /* Preview Assets.xcassets */ = {isa = PBXFileReference; lastKnownFileType = folder.assetcatalog; path = "Preview Assets.xcassets"; sourceTree = "<group>"; };
		B2254AFC2AF6FD6B00A21DA3 /* IOSApplicationTests.xctest */ = {isa = PBXFileReference; explicitFileType = wrapper.cfbundle; includeInIndex = 0; path = IOSApplicationTests.xctest; sourceTree = BUILT_PRODUCTS_DIR; };
		B2254B002AF6FD6B00A21DA3 /* IOSApplicationTests.swift */ = {isa = PBXFileReference; lastKnownFileType = sourcecode.swift; path = IOSApplicationTests.swift; sourceTree = "<group>"; };
		B2254B062AF6FD6B00A21DA3 /* IOSApplicationUITests.xctest */ = {isa = PBXFileReference; explicitFileType = wrapper.cfbundle; includeInIndex = 0; path = IOSApplicationUITests.xctest; sourceTree = BUILT_PRODUCTS_DIR; };
		B2254B0A2AF6FD6B00A21DA3 /* IOSApplicationUITests.swift */ = {isa = PBXFileReference; lastKnownFileType = sourcecode.swift; path = IOSApplicationUITests.swift; sourceTree = "<group>"; };
		B2254B0C2AF6FD6B00A21DA3 /* IOSApplicationUITestsLaunchTests.swift */ = {isa = PBXFileReference; lastKnownFileType = sourcecode.swift; path = IOSApplicationUITestsLaunchTests.swift; sourceTree = "<group>"; };
		B2254B1E2AF70D8500A21DA3 /* APICaller.swift */ = {isa = PBXFileReference; lastKnownFileType = sourcecode.swift; path = APICaller.swift; sourceTree = "<group>"; wrapsLines = 1; };
		B2254B212AF70DC600A21DA3 /* APIBase.swift */ = {isa = PBXFileReference; lastKnownFileType = sourcecode.swift; path = APIBase.swift; sourceTree = "<group>"; };
		B226F1CC2B938EB3001ED498 /* APIDispatcher.swift */ = {isa = PBXFileReference; lastKnownFileType = sourcecode.swift; path = APIDispatcher.swift; sourceTree = "<group>"; };
		B23169922BD452DA000569F5 /* AppStateClass.swift */ = {isa = PBXFileReference; lastKnownFileType = sourcecode.swift; path = AppStateClass.swift; sourceTree = "<group>"; };
		B23169942BD6D32F000569F5 /* logs.swift */ = {isa = PBXFileReference; lastKnownFileType = sourcecode.swift; path = logs.swift; sourceTree = "<group>"; };
		B23885C92B1E5116004ADCBF /* APIResponseCode.swift */ = {isa = PBXFileReference; lastKnownFileType = sourcecode.swift; path = APIResponseCode.swift; sourceTree = "<group>"; };
		B23885D02B1ECBCE004ADCBF /* HttpStatusView.swift */ = {isa = PBXFileReference; lastKnownFileType = sourcecode.swift; path = HttpStatusView.swift; sourceTree = "<group>"; };
		B23885D42B223E82004ADCBF /* APIUtilityFunctions.swift */ = {isa = PBXFileReference; lastKnownFileType = sourcecode.swift; path = APIUtilityFunctions.swift; sourceTree = "<group>"; };
		B23885D82B2786B7004ADCBF /* ViewModel.swift */ = {isa = PBXFileReference; lastKnownFileType = sourcecode.swift; path = ViewModel.swift; sourceTree = "<group>"; };
		B23885DE2B279887004ADCBF /* TableView.swift */ = {isa = PBXFileReference; lastKnownFileType = sourcecode.swift; path = TableView.swift; sourceTree = "<group>"; };
		B23885E12B279AA6004ADCBF /* CustomCell.swift */ = {isa = PBXFileReference; lastKnownFileType = sourcecode.swift; path = CustomCell.swift; sourceTree = "<group>"; };
		B23885E42B2A2FD5004ADCBF /* LoginView.swift */ = {isa = PBXFileReference; lastKnownFileType = sourcecode.swift; path = LoginView.swift; sourceTree = "<group>"; };
		B23885E62B2A32CD004ADCBF /* ForgotPasswordView.swift */ = {isa = PBXFileReference; lastKnownFileType = sourcecode.swift; path = ForgotPasswordView.swift; sourceTree = "<group>"; };
		B23885E82B2A32D8004ADCBF /* CreateUserView.swift */ = {isa = PBXFileReference; lastKnownFileType = sourcecode.swift; path = CreateUserView.swift; sourceTree = "<group>"; };
		B23885EA2B2A3568004ADCBF /* HomeView.swift */ = {isa = PBXFileReference; lastKnownFileType = sourcecode.swift; path = HomeView.swift; sourceTree = "<group>"; };
		B23885EC2B2A3825004ADCBF /* AuthorizationVM.swift */ = {isa = PBXFileReference; lastKnownFileType = sourcecode.swift; path = AuthorizationVM.swift; sourceTree = "<group>"; };
		B23A8AD72B7D356A00817686 /* rcTextField.swift */ = {isa = PBXFileReference; lastKnownFileType = sourcecode.swift; path = rcTextField.swift; sourceTree = "<group>"; };
		B23A8AD92B7D392200817686 /* rcEditableText.swift */ = {isa = PBXFileReference; lastKnownFileType = sourcecode.swift; path = rcEditableText.swift; sourceTree = "<group>"; };
		B23A8ADB2B7D421F00817686 /* rcCurrencyInput.swift */ = {isa = PBXFileReference; lastKnownFileType = sourcecode.swift; path = rcCurrencyInput.swift; sourceTree = "<group>"; };
		B23A8AE02B7E82F700817686 /* rcPost.swift */ = {isa = PBXFileReference; lastKnownFileType = sourcecode.swift; path = rcPost.swift; sourceTree = "<group>"; };
		B23A8AE22B7E831E00817686 /* CommunityBoard.swift */ = {isa = PBXFileReference; lastKnownFileType = sourcecode.swift; path = CommunityBoard.swift; sourceTree = "<group>"; };
		B23A8AE42B7E84AE00817686 /* rcUpVote.swift */ = {isa = PBXFileReference; lastKnownFileType = sourcecode.swift; path = rcUpVote.swift; sourceTree = "<group>"; };
		B23A8AE62B7E884600817686 /* CommunityBoardView.swift */ = {isa = PBXFileReference; lastKnownFileType = sourcecode.swift; path = CommunityBoardView.swift; sourceTree = "<group>"; };
		B23A8AE82B7E887400817686 /* rcHorizontalScrollView.swift */ = {isa = PBXFileReference; lastKnownFileType = sourcecode.swift; path = rcHorizontalScrollView.swift; sourceTree = "<group>"; };
		B23A8AEA2B7E8C8A00817686 /* rcComment.swift */ = {isa = PBXFileReference; lastKnownFileType = sourcecode.swift; path = rcComment.swift; sourceTree = "<group>"; };
		B23A8AEC2B7E95C600817686 /* rcPinPost.swift */ = {isa = PBXFileReference; lastKnownFileType = sourcecode.swift; path = rcPinPost.swift; sourceTree = "<group>"; };
		B23A8AEE2B7EA11000817686 /* rcActiveText.swift */ = {isa = PBXFileReference; lastKnownFileType = sourcecode.swift; path = rcActiveText.swift; sourceTree = "<group>"; };
		B24176A32B9F8CFD00060ECB /* CommunityBoardSearchView.swift */ = {isa = PBXFileReference; lastKnownFileType = sourcecode.swift; path = CommunityBoardSearchView.swift; sourceTree = "<group>"; };
		B24176A62BA0C41F00060ECB /* rcImage.swift */ = {isa = PBXFileReference; lastKnownFileType = sourcecode.swift; path = rcImage.swift; sourceTree = "<group>"; };
		B25C61922B729A31006BA793 /* ErrorDisplay.swift */ = {isa = PBXFileReference; lastKnownFileType = sourcecode.swift; path = ErrorDisplay.swift; sourceTree = "<group>"; };
		B25C61942B7547DE006BA793 /* HelperFunctions.swift */ = {isa = PBXFileReference; lastKnownFileType = sourcecode.swift; path = HelperFunctions.swift; sourceTree = "<group>"; };
		B25C61962B7550CE006BA793 /* EditableView.swift */ = {isa = PBXFileReference; lastKnownFileType = sourcecode.swift; path = EditableView.swift; sourceTree = "<group>"; };
		B25C61982B755C18006BA793 /* EditingView.swift */ = {isa = PBXFileReference; lastKnownFileType = sourcecode.swift; path = EditingView.swift; sourceTree = "<group>"; };
		B25C619A2B7AC7C2006BA793 /* donation.swift */ = {isa = PBXFileReference; lastKnownFileType = sourcecode.swift; path = donation.swift; sourceTree = "<group>"; };
		B25C619C2B7AC7F3006BA793 /* Donation.swift */ = {isa = PBXFileReference; lastKnownFileType = sourcecode.swift; path = Donation.swift; sourceTree = "<group>"; };
		B25C619E2B7AC925006BA793 /* DonationView.swift */ = {isa = PBXFileReference; lastKnownFileType = sourcecode.swift; path = DonationView.swift; sourceTree = "<group>"; };
		B25C61A02B7ACB21006BA793 /* DonationVM.swift */ = {isa = PBXFileReference; lastKnownFileType = sourcecode.swift; path = DonationVM.swift; sourceTree = "<group>"; };
		B26246882B5EF43800A54A6D /* rcNavigationButton.swift */ = {isa = PBXFileReference; lastKnownFileType = sourcecode.swift; path = rcNavigationButton.swift; sourceTree = "<group>"; };
		B262468B2B5EF6D500A54A6D /* rcNavigationText.swift */ = {isa = PBXFileReference; lastKnownFileType = sourcecode.swift; path = rcNavigationText.swift; sourceTree = "<group>"; };
		B262468E2B5F24B000A54A6D /* ApplicationState.swift */ = {isa = PBXFileReference; lastKnownFileType = sourcecode.swift; path = ApplicationState.swift; sourceTree = "<group>"; };
		B26246902B5F250800A54A6D /* Communities.swift */ = {isa = PBXFileReference; lastKnownFileType = sourcecode.swift; path = Communities.swift; sourceTree = "<group>"; };
		B26246922B5F27B000A54A6D /* communities.swift */ = {isa = PBXFileReference; lastKnownFileType = sourcecode.swift; path = communities.swift; sourceTree = "<group>"; };
		B270E1202B8FA39D00AE9A14 /* people.swift */ = {isa = PBXFileReference; lastKnownFileType = sourcecode.swift; path = people.swift; sourceTree = "<group>"; };
		B270E1222B8FA3B900AE9A14 /* People.swift */ = {isa = PBXFileReference; lastKnownFileType = sourcecode.swift; path = People.swift; sourceTree = "<group>"; };
		B270E1242B8FA43F00AE9A14 /* SearchVM.swift */ = {isa = PBXFileReference; lastKnownFileType = sourcecode.swift; path = SearchVM.swift; sourceTree = "<group>"; };
		B270E1262B8FA87700AE9A14 /* PeopleView.swift */ = {isa = PBXFileReference; lastKnownFileType = sourcecode.swift; path = PeopleView.swift; sourceTree = "<group>"; };
		B270E1282B8FA93900AE9A14 /* rcDatabaseSearch.swift */ = {isa = PBXFileReference; lastKnownFileType = sourcecode.swift; path = rcDatabaseSearch.swift; sourceTree = "<group>"; };
		B281602D2BC07D98003143C5 /* ButtonStyles.swift */ = {isa = PBXFileReference; lastKnownFileType = sourcecode.swift; path = ButtonStyles.swift; sourceTree = "<group>"; };
		B281602F2BC096DE003143C5 /* General.swift */ = {isa = PBXFileReference; lastKnownFileType = sourcecode.swift; path = General.swift; sourceTree = "<group>"; };
		B28D141F2B4F750000C8E387 /* BooleanDebug.swift */ = {isa = PBXFileReference; lastKnownFileType = sourcecode.swift; path = BooleanDebug.swift; sourceTree = "<group>"; };
		B28D14212B51B83900C8E387 /* ViewModelUtilityFunctions.swift */ = {isa = PBXFileReference; lastKnownFileType = sourcecode.swift; path = ViewModelUtilityFunctions.swift; sourceTree = "<group>"; };
		B28D14232B51C99100C8E387 /* APIResponseDisplay.swift */ = {isa = PBXFileReference; lastKnownFileType = sourcecode.swift; path = APIResponseDisplay.swift; sourceTree = "<group>"; };
		B28D14262B53017500C8E387 /* UserProfile.swift */ = {isa = PBXFileReference; lastKnownFileType = sourcecode.swift; path = UserProfile.swift; sourceTree = "<group>"; };
		B28D14292B530DB800C8E387 /* rcTextInput.swift */ = {isa = PBXFileReference; lastKnownFileType = sourcecode.swift; path = rcTextInput.swift; sourceTree = "<group>"; };
		B28D142B2B530ED800C8E387 /* rcConditionalTextInput.swift */ = {isa = PBXFileReference; lastKnownFileType = sourcecode.swift; path = rcConditionalTextInput.swift; sourceTree = "<group>"; };
		B28D142D2B53138000C8E387 /* rcNumberInput.swift */ = {isa = PBXFileReference; lastKnownFileType = sourcecode.swift; path = rcNumberInput.swift; sourceTree = "<group>"; };
		B28D142F2B53140C00C8E387 /* rcEnumMultiSelect.swift */ = {isa = PBXFileReference; lastKnownFileType = sourcecode.swift; path = rcEnumMultiSelect.swift; sourceTree = "<group>"; };
		B28D14312B5392FA00C8E387 /* rcDropdownSelect.swift */ = {isa = PBXFileReference; lastKnownFileType = sourcecode.swift; path = rcDropdownSelect.swift; sourceTree = "<group>"; };
		B28D14342B573D2B00C8E387 /* rcSecureField.swift */ = {isa = PBXFileReference; lastKnownFileType = sourcecode.swift; path = rcSecureField.swift; sourceTree = "<group>"; };
		B28D14362B584A1800C8E387 /* LogoView.swift */ = {isa = PBXFileReference; lastKnownFileType = sourcecode.swift; path = LogoView.swift; sourceTree = "<group>"; };
		B28D14382B5A42CF00C8E387 /* GeneralVM.swift */ = {isa = PBXFileReference; lastKnownFileType = sourcecode.swift; path = GeneralVM.swift; sourceTree = "<group>"; };
		B28D143B2B5AECEF00C8E387 /* profile.swift */ = {isa = PBXFileReference; lastKnownFileType = sourcecode.swift; path = profile.swift; sourceTree = "<group>"; };
		B28D143D2B5AECF900C8E387 /* auth.swift */ = {isa = PBXFileReference; lastKnownFileType = sourcecode.swift; path = auth.swift; sourceTree = "<group>"; };
		B29182E32B922F5B00843098 /* ProfileView.swift */ = {isa = PBXFileReference; lastKnownFileType = sourcecode.swift; path = ProfileView.swift; sourceTree = "<group>"; };
		B29182E52B9261D400843098 /* APIResultView.swift */ = {isa = PBXFileReference; lastKnownFileType = sourcecode.swift; path = APIResultView.swift; sourceTree = "<group>"; };
		B29182E72B926A6E00843098 /* rcRoleView.swift */ = {isa = PBXFileReference; lastKnownFileType = sourcecode.swift; path = rcRoleView.swift; sourceTree = "<group>"; };
		B29A9A712B6976340099E57F /* SidebarView.swift */ = {isa = PBXFileReference; lastKnownFileType = sourcecode.swift; path = SidebarView.swift; sourceTree = "<group>"; };
		B29EE0812BA60B9A000839F4 /* CommunityUpdatesView.swift */ = {isa = PBXFileReference; lastKnownFileType = sourcecode.swift; path = CommunityUpdatesView.swift; sourceTree = "<group>"; };
		B2A27B6B2B62F93700EBF902 /* TimeElapsedView.swift */ = {isa = PBXFileReference; lastKnownFileType = sourcecode.swift; path = TimeElapsedView.swift; sourceTree = "<group>"; };
		B2A27B6D2B64463A00EBF902 /* PostLoginViewDecider.swift */ = {isa = PBXFileReference; lastKnownFileType = sourcecode.swift; path = PostLoginViewDecider.swift; sourceTree = "<group>"; };
		B2A27B6F2B657E1800EBF902 /* rcPhoneInput.swift */ = {isa = PBXFileReference; lastKnownFileType = sourcecode.swift; path = rcPhoneInput.swift; sourceTree = "<group>"; };
		B2A27B712B66F9CB00EBF902 /* rcSlideView.swift */ = {isa = PBXFileReference; lastKnownFileType = sourcecode.swift; path = rcSlideView.swift; sourceTree = "<group>"; };
		B2A27B762B680CA400EBF902 /* rcHeadline.swift */ = {isa = PBXFileReference; lastKnownFileType = sourcecode.swift; path = rcHeadline.swift; sourceTree = "<group>"; };
		B2A27B782B681CA300EBF902 /* rcSubText.swift */ = {isa = PBXFileReference; lastKnownFileType = sourcecode.swift; path = rcSubText.swift; sourceTree = "<group>"; };
		B2A7F0CA2B683022009EBC95 /* rcTextLarge.swift */ = {isa = PBXFileReference; lastKnownFileType = sourcecode.swift; path = rcTextLarge.swift; sourceTree = "<group>"; };
		B2A7F0CC2B6836C8009EBC95 /* rcText.swift */ = {isa = PBXFileReference; lastKnownFileType = sourcecode.swift; path = rcText.swift; sourceTree = "<group>"; };
		B2BD92E72B90F10900A50448 /* SearchAPIRequest.swift */ = {isa = PBXFileReference; lastKnownFileType = sourcecode.swift; path = SearchAPIRequest.swift; sourceTree = "<group>"; };
		B2BE26332B7FD77600E3E2D6 /* rcIcon.swift */ = {isa = PBXFileReference; lastKnownFileType = sourcecode.swift; path = rcIcon.swift; sourceTree = "<group>"; };
		B2C00DFE2B87C521002A336F /* Constants.swift */ = {isa = PBXFileReference; lastKnownFileType = sourcecode.swift; path = Constants.swift; sourceTree = "<group>"; };
		B2C00E002B87C5C3002A336F /* rcFavorited.swift */ = {isa = PBXFileReference; lastKnownFileType = sourcecode.swift; path = rcFavorited.swift; sourceTree = "<group>"; };
		B2C00E022B890567002A336F /* rcPinnedPost.swift */ = {isa = PBXFileReference; lastKnownFileType = sourcecode.swift; path = rcPinnedPost.swift; sourceTree = "<group>"; };
		B2C00E042B89068A002A336F /* CreateNewPostView.swift */ = {isa = PBXFileReference; lastKnownFileType = sourcecode.swift; path = CreateNewPostView.swift; sourceTree = "<group>"; };
		B2C2CFF12B82D74A0043A1D6 /* rcSearchView.swift */ = {isa = PBXFileReference; lastKnownFileType = sourcecode.swift; path = rcSearchView.swift; sourceTree = "<group>"; };
		B2C2CFF32B82E5F70043A1D6 /* community_board.swift */ = {isa = PBXFileReference; lastKnownFileType = sourcecode.swift; path = community_board.swift; sourceTree = "<group>"; };
		B2C2CFF52B852A890043A1D6 /* CommunityBoardVM.swift */ = {isa = PBXFileReference; lastKnownFileType = sourcecode.swift; path = CommunityBoardVM.swift; sourceTree = "<group>"; };
		B2C2CFF72B866F8A0043A1D6 /* rcCommentSection.swift */ = {isa = PBXFileReference; lastKnownFileType = sourcecode.swift; path = rcCommentSection.swift; sourceTree = "<group>"; };
		B2CA3F7A2B6EB7CB006E88CA /* Guidelines.swift */ = {isa = PBXFileReference; lastKnownFileType = sourcecode.swift; path = Guidelines.swift; sourceTree = "<group>"; };
		B2CA3F7D2B6EB82D006E88CA /* guidelines.swift */ = {isa = PBXFileReference; lastKnownFileType = sourcecode.swift; path = guidelines.swift; sourceTree = "<group>"; };
		B2CA3F802B6EBBFF006E88CA /* CommunityGuidelinesView.swift */ = {isa = PBXFileReference; lastKnownFileType = sourcecode.swift; path = CommunityGuidelinesView.swift; sourceTree = "<group>"; };
		B2CA3F832B6EC48F006E88CA /* GuidelinesVM.swift */ = {isa = PBXFileReference; lastKnownFileType = sourcecode.swift; path = GuidelinesVM.swift; sourceTree = "<group>"; };
		B2DE62432B9CECE30099FAB3 /* faq.swift */ = {isa = PBXFileReference; lastKnownFileType = sourcecode.swift; path = faq.swift; sourceTree = "<group>"; };
		B2DE62452B9CED0D0099FAB3 /* Faq.swift */ = {isa = PBXFileReference; lastKnownFileType = sourcecode.swift; path = Faq.swift; sourceTree = "<group>"; };
		B2DE62472B9CEF6F0099FAB3 /* FaqVM.swift */ = {isa = PBXFileReference; lastKnownFileType = sourcecode.swift; path = FaqVM.swift; sourceTree = "<group>"; };
		B2DE624B2B9CF0FB0099FAB3 /* FAQView.swift */ = {isa = PBXFileReference; lastKnownFileType = sourcecode.swift; path = FAQView.swift; sourceTree = "<group>"; };
		B2DE624D2B9CF3380099FAB3 /* rcDropdown.swift */ = {isa = PBXFileReference; lastKnownFileType = sourcecode.swift; path = rcDropdown.swift; sourceTree = "<group>"; };
		B2E8411F2B605E4E0047CDC5 /* CommunitySelectView.swift */ = {isa = PBXFileReference; lastKnownFileType = sourcecode.swift; path = CommunitySelectView.swift; sourceTree = "<group>"; };
		B2E841212B605EB30047CDC5 /* CommunityRequestsView.swift */ = {isa = PBXFileReference; lastKnownFileType = sourcecode.swift; path = CommunityRequestsView.swift; sourceTree = "<group>"; };
		B2E841242B60666E0047CDC5 /* rcSelectableListItem.swift */ = {isa = PBXFileReference; lastKnownFileType = sourcecode.swift; path = rcSelectableListItem.swift; sourceTree = "<group>"; };
		B2E841262B606B700047CDC5 /* rcCommunitySelectDropdown.swift */ = {isa = PBXFileReference; lastKnownFileType = sourcecode.swift; path = rcCommunitySelectDropdown.swift; sourceTree = "<group>"; };
		B2E841282B61892C0047CDC5 /* rcQuestionPrompt.swift */ = {isa = PBXFileReference; lastKnownFileType = sourcecode.swift; path = rcQuestionPrompt.swift; sourceTree = "<group>"; };
		B2E8412B2B61A5F40047CDC5 /* InputValidation.swift */ = {isa = PBXFileReference; lastKnownFileType = sourcecode.swift; path = InputValidation.swift; sourceTree = "<group>"; };
		B2E841312B61C32A0047CDC5 /* RequestStatusView.swift */ = {isa = PBXFileReference; lastKnownFileType = sourcecode.swift; path = RequestStatusView.swift; sourceTree = "<group>"; };
		B2E841342B6228C80047CDC5 /* rcListView.swift */ = {isa = PBXFileReference; lastKnownFileType = sourcecode.swift; path = rcListView.swift; sourceTree = "<group>"; };
		B2ECFDB72BA7B7A500F33207 /* community_updates.swift */ = {isa = PBXFileReference; lastKnownFileType = sourcecode.swift; path = community_updates.swift; sourceTree = "<group>"; };
		B2ECFDB92BA7B7B900F33207 /* Community Updates.swift */ = {isa = PBXFileReference; lastKnownFileType = sourcecode.swift; path = "Community Updates.swift"; sourceTree = "<group>"; };
		B2ECFDBB2BA7BC1400F33207 /* CommunityUpdatesVM.swift */ = {isa = PBXFileReference; lastKnownFileType = sourcecode.swift; path = CommunityUpdatesVM.swift; sourceTree = "<group>"; };
		B2ECFDBD2BA7F1D200F33207 /* ArticleView.swift */ = {isa = PBXFileReference; lastKnownFileType = sourcecode.swift; path = ArticleView.swift; sourceTree = "<group>"; };
		B2ECFDBF2BA8946200F33207 /* CreateArticleView.swift */ = {isa = PBXFileReference; lastKnownFileType = sourcecode.swift; path = CreateArticleView.swift; sourceTree = "<group>"; };
		B2ECFDC12BAB5FCB00F33207 /* SearchParameterSelectView.swift */ = {isa = PBXFileReference; lastKnownFileType = sourcecode.swift; path = SearchParameterSelectView.swift; sourceTree = "<group>"; };
		B2FD53912BFC4B5A00C34CAA /* admin.swift */ = {isa = PBXFileReference; lastKnownFileType = sourcecode.swift; path = admin.swift; sourceTree = "<group>"; };
		B2FD53932BFC4B9000C34CAA /* Admin.swift */ = {isa = PBXFileReference; lastKnownFileType = sourcecode.swift; path = Admin.swift; sourceTree = "<group>"; };
		B2FD53952BFC4EED00C34CAA /* AdminView.swift */ = {isa = PBXFileReference; lastKnownFileType = sourcecode.swift; path = AdminView.swift; sourceTree = "<group>"; };
		B2FD53992BFC516F00C34CAA /* AdminVM.swift */ = {isa = PBXFileReference; lastKnownFileType = sourcecode.swift; path = AdminVM.swift; sourceTree = "<group>"; };
		B2FD539C2BFC5AB000C34CAA /* FlaggedPost.swift */ = {isa = PBXFileReference; lastKnownFileType = sourcecode.swift; path = FlaggedPost.swift; sourceTree = "<group>"; };
		B75A533A152223873802699A /* Pods-IOSApplication-IOSApplicationUITests.debug.xcconfig */ = {isa = PBXFileReference; includeInIndex = 1; lastKnownFileType = text.xcconfig; name = "Pods-IOSApplication-IOSApplicationUITests.debug.xcconfig"; path = "Target Support Files/Pods-IOSApplication-IOSApplicationUITests/Pods-IOSApplication-IOSApplicationUITests.debug.xcconfig"; sourceTree = "<group>"; };
/* End PBXFileReference section */

/* Begin PBXFrameworksBuildPhase section */
		B2254AE72AF6FD6A00A21DA3 /* Frameworks */ = {
			isa = PBXFrameworksBuildPhase;
			buildActionMask = 2147483647;
			files = (
				B23A8ADF2B7D4DEF00817686 /* CurrencyField in Frameworks */,
				7F63078F5ACF6EEB5BCC5573 /* Pods_IOSApplication.framework in Frameworks */,
				B2E8412F2B61A7BD0047CDC5 /* iPhoneNumberField in Frameworks */,
			);
			runOnlyForDeploymentPostprocessing = 0;
		};
		B2254AF92AF6FD6B00A21DA3 /* Frameworks */ = {
			isa = PBXFrameworksBuildPhase;
			buildActionMask = 2147483647;
			files = (
				51F87758C4ED118B425357B6 /* Pods_IOSApplicationTests.framework in Frameworks */,
			);
			runOnlyForDeploymentPostprocessing = 0;
		};
		B2254B032AF6FD6B00A21DA3 /* Frameworks */ = {
			isa = PBXFrameworksBuildPhase;
			buildActionMask = 2147483647;
			files = (
				A20AE1333818732725373B19 /* Pods_IOSApplication_IOSApplicationUITests.framework in Frameworks */,
			);
			runOnlyForDeploymentPostprocessing = 0;
		};
/* End PBXFrameworksBuildPhase section */

/* Begin PBXGroup section */
		2F8EE896A3C5DE6E777319FD /* Frameworks */ = {
			isa = PBXGroup;
			children = (
				384412D45B4D1DEBC05B897C /* Pods_IOSApplication.framework */,
				048E947CDB29B56EDF263A42 /* Pods_IOSApplication_IOSApplicationUITests.framework */,
				92F817D853003CC5C1F3DE56 /* Pods_IOSApplicationTests.framework */,
			);
			name = Frameworks;
			sourceTree = "<group>";
		};
		6DD683E57192E7FC357AE75B /* Pods */ = {
			isa = PBXGroup;
			children = (
				48E992F9A8F73352E7BC2D7D /* Pods-IOSApplication.debug.xcconfig */,
				4EBE26D127719FA2B44E2EB1 /* Pods-IOSApplication.release.xcconfig */,
				B75A533A152223873802699A /* Pods-IOSApplication-IOSApplicationUITests.debug.xcconfig */,
				09B5FC0BD5D4751ACDB264F2 /* Pods-IOSApplication-IOSApplicationUITests.release.xcconfig */,
				3BCC22450389D4127B6CF027 /* Pods-IOSApplicationTests.debug.xcconfig */,
				605AA3D019391EDCAA0405DF /* Pods-IOSApplicationTests.release.xcconfig */,
			);
			path = Pods;
			sourceTree = "<group>";
		};
		B20084972B5EE9790040BC60 /* Buttons */ = {
			isa = PBXGroup;
			children = (
				B20084982B5EE9910040BC60 /* rcButton.swift */,
				B200849A2B5EEB160040BC60 /* rcButtonSecondary.swift */,
			);
			path = Buttons;
			sourceTree = "<group>";
		};
		B2254AE12AF6FD6A00A21DA3 = {
			isa = PBXGroup;
			children = (
				2F8EE896A3C5DE6E777319FD /* Frameworks */,
				B2254AEC2AF6FD6A00A21DA3 /* IOSApplication */,
				B2254AFF2AF6FD6B00A21DA3 /* IOSApplicationTests */,
				B2254B092AF6FD6B00A21DA3 /* IOSApplicationUITests */,
				6DD683E57192E7FC357AE75B /* Pods */,
				B2254AEB2AF6FD6A00A21DA3 /* Products */,
			);
			sourceTree = "<group>";
		};
		B2254AEB2AF6FD6A00A21DA3 /* Products */ = {
			isa = PBXGroup;
			children = (
				B2254AEA2AF6FD6A00A21DA3 /* IOSApplication.app */,
				B2254AFC2AF6FD6B00A21DA3 /* IOSApplicationTests.xctest */,
				B2254B062AF6FD6B00A21DA3 /* IOSApplicationUITests.xctest */,
			);
			name = Products;
			sourceTree = "<group>";
		};
		B2254AEC2AF6FD6A00A21DA3 /* IOSApplication */ = {
			isa = PBXGroup;
			children = (
				B28D143A2B5AECCA00C8E387 /* APIRequests */,
				B28D14282B530D5F00C8E387 /* UIElements */,
				B28D14252B53016800C8E387 /* Data */,
				B2254B1D2AF70D6700A21DA3 /* Utilities */,
				B2254B1A2AF708EA00A21DA3 /* ViewModels */,
				B2254B192AF708D800A21DA3 /* Views */,
				B2254AED2AF6FD6A00A21DA3 /* RareConnectApp.swift */,
				B2254AEF2AF6FD6A00A21DA3 /* ContentView.swift */,
				B2254AF32AF6FD6B00A21DA3 /* Assets.xcassets */,
				B2254AF52AF6FD6B00A21DA3 /* Preview Content */,
				B2C00DFE2B87C521002A336F /* Constants.swift */,
			);
			path = IOSApplication;
			sourceTree = "<group>";
		};
		B2254AF52AF6FD6B00A21DA3 /* Preview Content */ = {
			isa = PBXGroup;
			children = (
				B2254AF62AF6FD6B00A21DA3 /* Preview Assets.xcassets */,
			);
			path = "Preview Content";
			sourceTree = "<group>";
		};
		B2254AFF2AF6FD6B00A21DA3 /* IOSApplicationTests */ = {
			isa = PBXGroup;
			children = (
				B2254B002AF6FD6B00A21DA3 /* IOSApplicationTests.swift */,
			);
			path = IOSApplicationTests;
			sourceTree = "<group>";
		};
		B2254B092AF6FD6B00A21DA3 /* IOSApplicationUITests */ = {
			isa = PBXGroup;
			children = (
				B2254B0A2AF6FD6B00A21DA3 /* IOSApplicationUITests.swift */,
				B2254B0C2AF6FD6B00A21DA3 /* IOSApplicationUITestsLaunchTests.swift */,
			);
			path = IOSApplicationUITests;
			sourceTree = "<group>";
		};
		B2254B192AF708D800A21DA3 /* Views */ = {
			isa = PBXGroup;
			children = (
				B23885D32B223E3F004ADCBF /* DebugWidgets */,
				B23885D22B223D41004ADCBF /* GeneralViews */,
				B23885E32B2A2FBD004ADCBF /* PageViews */,
			);
			path = Views;
			sourceTree = "<group>";
		};
		B2254B1A2AF708EA00A21DA3 /* ViewModels */ = {
			isa = PBXGroup;
			children = (
				B2FD53992BFC516F00C34CAA /* AdminVM.swift */,
				B226F1CC2B938EB3001ED498 /* APIDispatcher.swift */,
				B23169922BD452DA000569F5 /* AppStateClass.swift */,
				B23885EC2B2A3825004ADCBF /* AuthorizationVM.swift */,
				B28D14382B5A42CF00C8E387 /* GeneralVM.swift */,
				B270E1242B8FA43F00AE9A14 /* SearchVM.swift */,
				B23885D82B2786B7004ADCBF /* ViewModel.swift */,
				B28D14212B51B83900C8E387 /* ViewModelUtilityFunctions.swift */,
				B2CA3F822B6EC47A006E88CA /* CommunitySubpages */,
			);
			path = ViewModels;
			sourceTree = "<group>";
		};
		B2254B1D2AF70D6700A21DA3 /* Utilities */ = {
			isa = PBXGroup;
			children = (
				B2254B202AF70DAB00A21DA3 /* API */,
				B2E8412B2B61A5F40047CDC5 /* InputValidation.swift */,
				B25C61942B7547DE006BA793 /* HelperFunctions.swift */,
			);
			path = Utilities;
			sourceTree = "<group>";
		};
		B2254B202AF70DAB00A21DA3 /* API */ = {
			isa = PBXGroup;
			children = (
				B2254B1E2AF70D8500A21DA3 /* APICaller.swift */,
				B2254B212AF70DC600A21DA3 /* APIBase.swift */,
				B23885C92B1E5116004ADCBF /* APIResponseCode.swift */,
				B23885D42B223E82004ADCBF /* APIUtilityFunctions.swift */,
				B2BD92E72B90F10900A50448 /* SearchAPIRequest.swift */,
			);
			path = API;
			sourceTree = "<group>";
		};
		B23885D22B223D41004ADCBF /* GeneralViews */ = {
			isa = PBXGroup;
			children = (
				B23885E02B279A8A004ADCBF /* TableView */,
			);
			path = GeneralViews;
			sourceTree = "<group>";
		};
		B23885D32B223E3F004ADCBF /* DebugWidgets */ = {
			isa = PBXGroup;
			children = (
				B28D14232B51C99100C8E387 /* APIResponseDisplay.swift */,
				B28D141F2B4F750000C8E387 /* BooleanDebug.swift */,
				B23885D02B1ECBCE004ADCBF /* HttpStatusView.swift */,
			);
			path = DebugWidgets;
			sourceTree = "<group>";
		};
		B23885E02B279A8A004ADCBF /* TableView */ = {
			isa = PBXGroup;
			children = (
				B23885DE2B279887004ADCBF /* TableView.swift */,
				B23885E12B279AA6004ADCBF /* CustomCell.swift */,
			);
			path = TableView;
			sourceTree = "<group>";
		};
		B23885E32B2A2FBD004ADCBF /* PageViews */ = {
			isa = PBXGroup;
			children = (
				B2FD53952BFC4EED00C34CAA /* AdminView.swift */,
				B200849E2B5EECEE0040BC60 /* ApplyForCommunityView.swift */,
				B2ECFDBD2BA7F1D200F33207 /* ArticleView.swift */,
				B24176A32B9F8CFD00060ECB /* CommunityBoardSearchView.swift */,
				B2E841212B605EB30047CDC5 /* CommunityRequestsView.swift */,
				B2E8411F2B605E4E0047CDC5 /* CommunitySelectView.swift */,
				B2ECFDBF2BA8946200F33207 /* CreateArticleView.swift */,
				B2C00E042B89068A002A336F /* CreateNewPostView.swift */,
				B23885E82B2A32D8004ADCBF /* CreateUserView.swift */,
				B25C61962B7550CE006BA793 /* EditableView.swift */,
				B23885E62B2A32CD004ADCBF /* ForgotPasswordView.swift */,
				B23885EA2B2A3568004ADCBF /* HomeView.swift */,
				B20084952B5EE9610040BC60 /* JoinCommunityOrApplyView.swift */,
				B200849C2B5EECD20040BC60 /* JoinCommunityView.swift */,
				B23885E42B2A2FD5004ADCBF /* LoginView.swift */,
				B28D14362B584A1800C8E387 /* LogoView.swift */,
				B2A27B6D2B64463A00EBF902 /* PostLoginViewDecider.swift */,
				B29182E32B922F5B00843098 /* ProfileView.swift */,
				B2CA3F7F2B6EBBD8006E88CA /* Community Subpages */,
			);
			path = PageViews;
			sourceTree = "<group>";
		};
		B24176A52BA0C41100060ECB /* Images */ = {
			isa = PBXGroup;
			children = (
				B24176A62BA0C41F00060ECB /* rcImage.swift */,
			);
			path = Images;
			sourceTree = "<group>";
		};
		B262468A2B5EF6B600A54A6D /* Navigation */ = {
			isa = PBXGroup;
			children = (
				B26246882B5EF43800A54A6D /* rcNavigationButton.swift */,
				B262468B2B5EF6D500A54A6D /* rcNavigationText.swift */,
				B29A9A712B6976340099E57F /* SidebarView.swift */,
			);
			path = Navigation;
			sourceTree = "<group>";
		};
		B281602C2BC07D80003143C5 /* Styling */ = {
			isa = PBXGroup;
			children = (
				B281602D2BC07D98003143C5 /* ButtonStyles.swift */,
				B281602F2BC096DE003143C5 /* General.swift */,
			);
			path = Styling;
			sourceTree = "<group>";
		};
		B28D14252B53016800C8E387 /* Data */ = {
			isa = PBXGroup;
			children = (
				B2CA3F792B6EB7B3006E88CA /* Community Subpages */,
				B28D14262B53017500C8E387 /* UserProfile.swift */,
				B262468E2B5F24B000A54A6D /* ApplicationState.swift */,
				B26246902B5F250800A54A6D /* Communities.swift */,
				B2FD53932BFC4B9000C34CAA /* Admin.swift */,
			);
			path = Data;
			sourceTree = "<group>";
		};
		B28D14282B530D5F00C8E387 /* UIElements */ = {
			isa = PBXGroup;
			children = (
				B2FD539B2BFC5A4700C34CAA /* Admin */,
				B281602C2BC07D80003143C5 /* Styling */,
				B24176A52BA0C41100060ECB /* Images */,
				B2A27B732B6749BC00EBF902 /* Text */,
				B2E841332B6228B80047CDC5 /* GeneralViews */,
				B2E841302B61C3110047CDC5 /* StatusIndicators */,
				B2E841232B60665C0047CDC5 /* Misc */,
				B262468A2B5EF6B600A54A6D /* Navigation */,
				B20084972B5EE9790040BC60 /* Buttons */,
				B28D14332B5739B500C8E387 /* Input */,
			);
			path = UIElements;
			sourceTree = "<group>";
		};
		B28D14332B5739B500C8E387 /* Input */ = {
			isa = PBXGroup;
			children = (
				B28D14292B530DB800C8E387 /* rcTextInput.swift */,
				B28D142B2B530ED800C8E387 /* rcConditionalTextInput.swift */,
				B28D142D2B53138000C8E387 /* rcNumberInput.swift */,
				B28D142F2B53140C00C8E387 /* rcEnumMultiSelect.swift */,
				B28D14312B5392FA00C8E387 /* rcDropdownSelect.swift */,
				B28D14342B573D2B00C8E387 /* rcSecureField.swift */,
				B2E841262B606B700047CDC5 /* rcCommunitySelectDropdown.swift */,
				B2E841282B61892C0047CDC5 /* rcQuestionPrompt.swift */,
				B2A27B6F2B657E1800EBF902 /* rcPhoneInput.swift */,
				B23A8AD72B7D356A00817686 /* rcTextField.swift */,
				B23A8ADB2B7D421F00817686 /* rcCurrencyInput.swift */,
			);
			path = Input;
			sourceTree = "<group>";
		};
		B28D143A2B5AECCA00C8E387 /* APIRequests */ = {
			isa = PBXGroup;
			children = (
				B2CA3F7C2B6EB81A006E88CA /* Community Subpages */,
				B28D143B2B5AECEF00C8E387 /* profile.swift */,
				B28D143D2B5AECF900C8E387 /* auth.swift */,
				B26246922B5F27B000A54A6D /* communities.swift */,
				B23169942BD6D32F000569F5 /* logs.swift */,
				B2FD53912BFC4B5A00C34CAA /* admin.swift */,
			);
			path = APIRequests;
			sourceTree = "<group>";
		};
		B2A27B732B6749BC00EBF902 /* Text */ = {
			isa = PBXGroup;
			children = (
				B2A27B762B680CA400EBF902 /* rcHeadline.swift */,
				B2A27B782B681CA300EBF902 /* rcSubText.swift */,
				B2A7F0CA2B683022009EBC95 /* rcTextLarge.swift */,
				B2A7F0CC2B6836C8009EBC95 /* rcText.swift */,
				B23A8AD92B7D392200817686 /* rcEditableText.swift */,
				B23A8AEE2B7EA11000817686 /* rcActiveText.swift */,
			);
			path = Text;
			sourceTree = "<group>";
		};
		B2CA3F792B6EB7B3006E88CA /* Community Subpages */ = {
			isa = PBXGroup;
			children = (
				B2CA3F7A2B6EB7CB006E88CA /* Guidelines.swift */,
				B25C619C2B7AC7F3006BA793 /* Donation.swift */,
				B23A8AE22B7E831E00817686 /* CommunityBoard.swift */,
				B270E1222B8FA3B900AE9A14 /* People.swift */,
				B2DE62452B9CED0D0099FAB3 /* Faq.swift */,
				B2ECFDB92BA7B7B900F33207 /* Community Updates.swift */,
			);
			path = "Community Subpages";
			sourceTree = "<group>";
		};
		B2CA3F7C2B6EB81A006E88CA /* Community Subpages */ = {
			isa = PBXGroup;
			children = (
				B2CA3F7D2B6EB82D006E88CA /* guidelines.swift */,
				B25C619A2B7AC7C2006BA793 /* donation.swift */,
				B2C2CFF32B82E5F70043A1D6 /* community_board.swift */,
				B270E1202B8FA39D00AE9A14 /* people.swift */,
				B2DE62432B9CECE30099FAB3 /* faq.swift */,
				B2ECFDB72BA7B7A500F33207 /* community_updates.swift */,
			);
			path = "Community Subpages";
			sourceTree = "<group>";
		};
		B2CA3F7F2B6EBBD8006E88CA /* Community Subpages */ = {
			isa = PBXGroup;
			children = (
				B2CA3F802B6EBBFF006E88CA /* CommunityGuidelinesView.swift */,
				B25C619E2B7AC925006BA793 /* DonationView.swift */,
				B23A8AE62B7E884600817686 /* CommunityBoardView.swift */,
				B270E1262B8FA87700AE9A14 /* PeopleView.swift */,
				B2DE624B2B9CF0FB0099FAB3 /* FAQView.swift */,
				B29EE0812BA60B9A000839F4 /* CommunityUpdatesView.swift */,
			);
			path = "Community Subpages";
			sourceTree = "<group>";
		};
		B2CA3F822B6EC47A006E88CA /* CommunitySubpages */ = {
			isa = PBXGroup;
			children = (
				B2C2CFF52B852A890043A1D6 /* CommunityBoardVM.swift */,
				B2ECFDBB2BA7BC1400F33207 /* CommunityUpdatesVM.swift */,
				B25C61A02B7ACB21006BA793 /* DonationVM.swift */,
				B2DE62472B9CEF6F0099FAB3 /* FaqVM.swift */,
				B2CA3F832B6EC48F006E88CA /* GuidelinesVM.swift */,
			);
			path = CommunitySubpages;
			sourceTree = "<group>";
		};
		B2E841232B60665C0047CDC5 /* Misc */ = {
			isa = PBXGroup;
			children = (
				B2E841242B60666E0047CDC5 /* rcSelectableListItem.swift */,
				B23A8AE02B7E82F700817686 /* rcPost.swift */,
				B23A8AE42B7E84AE00817686 /* rcUpVote.swift */,
				B23A8AEA2B7E8C8A00817686 /* rcComment.swift */,
				B23A8AEC2B7E95C600817686 /* rcPinPost.swift */,
				B2BE26332B7FD77600E3E2D6 /* rcIcon.swift */,
				B2C2CFF72B866F8A0043A1D6 /* rcCommentSection.swift */,
				B2C00E002B87C5C3002A336F /* rcFavorited.swift */,
				B2C00E022B890567002A336F /* rcPinnedPost.swift */,
			);
			path = Misc;
			sourceTree = "<group>";
		};
		B2E841302B61C3110047CDC5 /* StatusIndicators */ = {
			isa = PBXGroup;
			children = (
				B2E841312B61C32A0047CDC5 /* RequestStatusView.swift */,
				B2A27B6B2B62F93700EBF902 /* TimeElapsedView.swift */,
				B25C61922B729A31006BA793 /* ErrorDisplay.swift */,
				B29182E72B926A6E00843098 /* rcRoleView.swift */,
				B2ECFDC12BAB5FCB00F33207 /* SearchParameterSelectView.swift */,
			);
			path = StatusIndicators;
			sourceTree = "<group>";
		};
		B2E841332B6228B80047CDC5 /* GeneralViews */ = {
			isa = PBXGroup;
			children = (
				B2E841342B6228C80047CDC5 /* rcListView.swift */,
				B2A27B712B66F9CB00EBF902 /* rcSlideView.swift */,
				B29182E52B9261D400843098 /* APIResultView.swift */,
				B25C61982B755C18006BA793 /* EditingView.swift */,
				B23A8AE82B7E887400817686 /* rcHorizontalScrollView.swift */,
				B2C2CFF12B82D74A0043A1D6 /* rcSearchView.swift */,
				B270E1282B8FA93900AE9A14 /* rcDatabaseSearch.swift */,
				B2DE624D2B9CF3380099FAB3 /* rcDropdown.swift */,
			);
			path = GeneralViews;
			sourceTree = "<group>";
		};
		B2FD539B2BFC5A4700C34CAA /* Admin */ = {
			isa = PBXGroup;
			children = (
				B2FD539C2BFC5AB000C34CAA /* FlaggedPost.swift */,
			);
			path = Admin;
			sourceTree = "<group>";
		};
/* End PBXGroup section */

/* Begin PBXNativeTarget section */
		B2254AE92AF6FD6A00A21DA3 /* IOSApplication */ = {
			isa = PBXNativeTarget;
			buildConfigurationList = B2254B102AF6FD6B00A21DA3 /* Build configuration list for PBXNativeTarget "IOSApplication" */;
			buildPhases = (
				C243777FBFF6A55CAD95A766 /* [CP] Check Pods Manifest.lock */,
				B2254AE62AF6FD6A00A21DA3 /* Sources */,
				B2254AE72AF6FD6A00A21DA3 /* Frameworks */,
				B2254AE82AF6FD6A00A21DA3 /* Resources */,
				09328AF57B1E2E5162B49412 /* [CP] Embed Pods Frameworks */,
			);
			buildRules = (
			);
			dependencies = (
			);
			name = IOSApplication;
			packageProductDependencies = (
				B2E8412E2B61A7BD0047CDC5 /* iPhoneNumberField */,
				B23A8ADE2B7D4DEF00817686 /* CurrencyField */,
			);
			productName = IOSApplication;
			productReference = B2254AEA2AF6FD6A00A21DA3 /* IOSApplication.app */;
			productType = "com.apple.product-type.application";
		};
		B2254AFB2AF6FD6B00A21DA3 /* IOSApplicationTests */ = {
			isa = PBXNativeTarget;
			buildConfigurationList = B2254B132AF6FD6B00A21DA3 /* Build configuration list for PBXNativeTarget "IOSApplicationTests" */;
			buildPhases = (
				14577AE12C148454DB37313B /* [CP] Check Pods Manifest.lock */,
				B2254AF82AF6FD6B00A21DA3 /* Sources */,
				B2254AF92AF6FD6B00A21DA3 /* Frameworks */,
				B2254AFA2AF6FD6B00A21DA3 /* Resources */,
			);
			buildRules = (
			);
			dependencies = (
				B2254AFE2AF6FD6B00A21DA3 /* PBXTargetDependency */,
			);
			name = IOSApplicationTests;
			productName = IOSApplicationTests;
			productReference = B2254AFC2AF6FD6B00A21DA3 /* IOSApplicationTests.xctest */;
			productType = "com.apple.product-type.bundle.unit-test";
		};
		B2254B052AF6FD6B00A21DA3 /* IOSApplicationUITests */ = {
			isa = PBXNativeTarget;
			buildConfigurationList = B2254B162AF6FD6B00A21DA3 /* Build configuration list for PBXNativeTarget "IOSApplicationUITests" */;
			buildPhases = (
				CF3A35D0D97043C6D9FD9F08 /* [CP] Check Pods Manifest.lock */,
				B2254B022AF6FD6B00A21DA3 /* Sources */,
				B2254B032AF6FD6B00A21DA3 /* Frameworks */,
				B2254B042AF6FD6B00A21DA3 /* Resources */,
				62C9B8E5F5FE7683EEEBF2B3 /* [CP] Embed Pods Frameworks */,
			);
			buildRules = (
			);
			dependencies = (
				B2254B082AF6FD6B00A21DA3 /* PBXTargetDependency */,
			);
			name = IOSApplicationUITests;
			productName = IOSApplicationUITests;
			productReference = B2254B062AF6FD6B00A21DA3 /* IOSApplicationUITests.xctest */;
			productType = "com.apple.product-type.bundle.ui-testing";
		};
/* End PBXNativeTarget section */

/* Begin PBXProject section */
		B2254AE22AF6FD6A00A21DA3 /* Project object */ = {
			isa = PBXProject;
			attributes = {
				BuildIndependentTargetsInParallel = 1;
				LastSwiftUpdateCheck = 1500;
				LastUpgradeCheck = 1500;
				TargetAttributes = {
					B2254AE92AF6FD6A00A21DA3 = {
						CreatedOnToolsVersion = 15.0;
					};
					B2254AFB2AF6FD6B00A21DA3 = {
						CreatedOnToolsVersion = 15.0;
						TestTargetID = B2254AE92AF6FD6A00A21DA3;
					};
					B2254B052AF6FD6B00A21DA3 = {
						CreatedOnToolsVersion = 15.0;
						TestTargetID = B2254AE92AF6FD6A00A21DA3;
					};
				};
			};
			buildConfigurationList = B2254AE52AF6FD6A00A21DA3 /* Build configuration list for PBXProject "IOSApplication" */;
			compatibilityVersion = "Xcode 14.0";
			developmentRegion = en;
			hasScannedForEncodings = 0;
			knownRegions = (
				en,
				Base,
			);
			mainGroup = B2254AE12AF6FD6A00A21DA3;
			packageReferences = (
				B2E8412D2B61A7BD0047CDC5 /* XCRemoteSwiftPackageReference "iPhoneNumberField" */,
				B23A8ADD2B7D4DEF00817686 /* XCRemoteSwiftPackageReference "swiftui-currency-field" */,
			);
			productRefGroup = B2254AEB2AF6FD6A00A21DA3 /* Products */;
			projectDirPath = "";
			projectRoot = "";
			targets = (
				B2254AE92AF6FD6A00A21DA3 /* IOSApplication */,
				B2254AFB2AF6FD6B00A21DA3 /* IOSApplicationTests */,
				B2254B052AF6FD6B00A21DA3 /* IOSApplicationUITests */,
			);
		};
/* End PBXProject section */

/* Begin PBXResourcesBuildPhase section */
		B2254AE82AF6FD6A00A21DA3 /* Resources */ = {
			isa = PBXResourcesBuildPhase;
			buildActionMask = 2147483647;
			files = (
				B2254AF72AF6FD6B00A21DA3 /* Preview Assets.xcassets in Resources */,
				B2254AF42AF6FD6B00A21DA3 /* Assets.xcassets in Resources */,
			);
			runOnlyForDeploymentPostprocessing = 0;
		};
		B2254AFA2AF6FD6B00A21DA3 /* Resources */ = {
			isa = PBXResourcesBuildPhase;
			buildActionMask = 2147483647;
			files = (
			);
			runOnlyForDeploymentPostprocessing = 0;
		};
		B2254B042AF6FD6B00A21DA3 /* Resources */ = {
			isa = PBXResourcesBuildPhase;
			buildActionMask = 2147483647;
			files = (
			);
			runOnlyForDeploymentPostprocessing = 0;
		};
/* End PBXResourcesBuildPhase section */

/* Begin PBXShellScriptBuildPhase section */
		09328AF57B1E2E5162B49412 /* [CP] Embed Pods Frameworks */ = {
			isa = PBXShellScriptBuildPhase;
			buildActionMask = 2147483647;
			files = (
			);
			inputFileListPaths = (
				"${PODS_ROOT}/Target Support Files/Pods-IOSApplication/Pods-IOSApplication-frameworks-${CONFIGURATION}-input-files.xcfilelist",
			);
			name = "[CP] Embed Pods Frameworks";
			outputFileListPaths = (
				"${PODS_ROOT}/Target Support Files/Pods-IOSApplication/Pods-IOSApplication-frameworks-${CONFIGURATION}-output-files.xcfilelist",
			);
			runOnlyForDeploymentPostprocessing = 0;
			shellPath = /bin/sh;
			shellScript = "\"${PODS_ROOT}/Target Support Files/Pods-IOSApplication/Pods-IOSApplication-frameworks.sh\"\n";
			showEnvVarsInLog = 0;
		};
		14577AE12C148454DB37313B /* [CP] Check Pods Manifest.lock */ = {
			isa = PBXShellScriptBuildPhase;
			buildActionMask = 2147483647;
			files = (
			);
			inputFileListPaths = (
			);
			inputPaths = (
				"${PODS_PODFILE_DIR_PATH}/Podfile.lock",
				"${PODS_ROOT}/Manifest.lock",
			);
			name = "[CP] Check Pods Manifest.lock";
			outputFileListPaths = (
			);
			outputPaths = (
				"$(DERIVED_FILE_DIR)/Pods-IOSApplicationTests-checkManifestLockResult.txt",
			);
			runOnlyForDeploymentPostprocessing = 0;
			shellPath = /bin/sh;
			shellScript = "diff \"${PODS_PODFILE_DIR_PATH}/Podfile.lock\" \"${PODS_ROOT}/Manifest.lock\" > /dev/null\nif [ $? != 0 ] ; then\n    # print error to STDERR\n    echo \"error: The sandbox is not in sync with the Podfile.lock. Run 'pod install' or update your CocoaPods installation.\" >&2\n    exit 1\nfi\n# This output is used by Xcode 'outputs' to avoid re-running this script phase.\necho \"SUCCESS\" > \"${SCRIPT_OUTPUT_FILE_0}\"\n";
			showEnvVarsInLog = 0;
		};
		62C9B8E5F5FE7683EEEBF2B3 /* [CP] Embed Pods Frameworks */ = {
			isa = PBXShellScriptBuildPhase;
			buildActionMask = 2147483647;
			files = (
			);
			inputFileListPaths = (
				"${PODS_ROOT}/Target Support Files/Pods-IOSApplication-IOSApplicationUITests/Pods-IOSApplication-IOSApplicationUITests-frameworks-${CONFIGURATION}-input-files.xcfilelist",
			);
			name = "[CP] Embed Pods Frameworks";
			outputFileListPaths = (
				"${PODS_ROOT}/Target Support Files/Pods-IOSApplication-IOSApplicationUITests/Pods-IOSApplication-IOSApplicationUITests-frameworks-${CONFIGURATION}-output-files.xcfilelist",
			);
			runOnlyForDeploymentPostprocessing = 0;
			shellPath = /bin/sh;
			shellScript = "\"${PODS_ROOT}/Target Support Files/Pods-IOSApplication-IOSApplicationUITests/Pods-IOSApplication-IOSApplicationUITests-frameworks.sh\"\n";
			showEnvVarsInLog = 0;
		};
		C243777FBFF6A55CAD95A766 /* [CP] Check Pods Manifest.lock */ = {
			isa = PBXShellScriptBuildPhase;
			buildActionMask = 2147483647;
			files = (
			);
			inputFileListPaths = (
			);
			inputPaths = (
				"${PODS_PODFILE_DIR_PATH}/Podfile.lock",
				"${PODS_ROOT}/Manifest.lock",
			);
			name = "[CP] Check Pods Manifest.lock";
			outputFileListPaths = (
			);
			outputPaths = (
				"$(DERIVED_FILE_DIR)/Pods-IOSApplication-checkManifestLockResult.txt",
			);
			runOnlyForDeploymentPostprocessing = 0;
			shellPath = /bin/sh;
			shellScript = "diff \"${PODS_PODFILE_DIR_PATH}/Podfile.lock\" \"${PODS_ROOT}/Manifest.lock\" > /dev/null\nif [ $? != 0 ] ; then\n    # print error to STDERR\n    echo \"error: The sandbox is not in sync with the Podfile.lock. Run 'pod install' or update your CocoaPods installation.\" >&2\n    exit 1\nfi\n# This output is used by Xcode 'outputs' to avoid re-running this script phase.\necho \"SUCCESS\" > \"${SCRIPT_OUTPUT_FILE_0}\"\n";
			showEnvVarsInLog = 0;
		};
		CF3A35D0D97043C6D9FD9F08 /* [CP] Check Pods Manifest.lock */ = {
			isa = PBXShellScriptBuildPhase;
			buildActionMask = 2147483647;
			files = (
			);
			inputFileListPaths = (
			);
			inputPaths = (
				"${PODS_PODFILE_DIR_PATH}/Podfile.lock",
				"${PODS_ROOT}/Manifest.lock",
			);
			name = "[CP] Check Pods Manifest.lock";
			outputFileListPaths = (
			);
			outputPaths = (
				"$(DERIVED_FILE_DIR)/Pods-IOSApplication-IOSApplicationUITests-checkManifestLockResult.txt",
			);
			runOnlyForDeploymentPostprocessing = 0;
			shellPath = /bin/sh;
			shellScript = "diff \"${PODS_PODFILE_DIR_PATH}/Podfile.lock\" \"${PODS_ROOT}/Manifest.lock\" > /dev/null\nif [ $? != 0 ] ; then\n    # print error to STDERR\n    echo \"error: The sandbox is not in sync with the Podfile.lock. Run 'pod install' or update your CocoaPods installation.\" >&2\n    exit 1\nfi\n# This output is used by Xcode 'outputs' to avoid re-running this script phase.\necho \"SUCCESS\" > \"${SCRIPT_OUTPUT_FILE_0}\"\n";
			showEnvVarsInLog = 0;
		};
/* End PBXShellScriptBuildPhase section */

/* Begin PBXSourcesBuildPhase section */
		B2254AE62AF6FD6A00A21DA3 /* Sources */ = {
			isa = PBXSourcesBuildPhase;
			buildActionMask = 2147483647;
			files = (
				B29182E62B9261D400843098 /* APIResultView.swift in Sources */,
				B2ECFDBA2BA7B7B900F33207 /* Community Updates.swift in Sources */,
				B23885D52B223E82004ADCBF /* APIUtilityFunctions.swift in Sources */,
				B23A8ADA2B7D392200817686 /* rcEditableText.swift in Sources */,
				B2E841322B61C32A0047CDC5 /* RequestStatusView.swift in Sources */,
				B23885E22B279AA6004ADCBF /* CustomCell.swift in Sources */,
				B270E1232B8FA3B900AE9A14 /* People.swift in Sources */,
				B2CA3F7B2B6EB7CB006E88CA /* Guidelines.swift in Sources */,
				B23A8AE72B7E884600817686 /* CommunityBoardView.swift in Sources */,
				B2C2CFF42B82E5F70043A1D6 /* community_board.swift in Sources */,
				B2A27B792B681CA300EBF902 /* rcSubText.swift in Sources */,
				B28D14222B51B83900C8E387 /* ViewModelUtilityFunctions.swift in Sources */,
				B2254AF02AF6FD6A00A21DA3 /* ContentView.swift in Sources */,
				B2DE62462B9CED0D0099FAB3 /* Faq.swift in Sources */,
				B28D14352B573D2B00C8E387 /* rcSecureField.swift in Sources */,
				B23A8AE12B7E82F700817686 /* rcPost.swift in Sources */,
				B2C00E012B87C5C3002A336F /* rcFavorited.swift in Sources */,
				B2A27B772B680CA400EBF902 /* rcHeadline.swift in Sources */,
				B2DE624E2B9CF3380099FAB3 /* rcDropdown.swift in Sources */,
				B2CA3F842B6EC48F006E88CA /* GuidelinesVM.swift in Sources */,
				B270E1212B8FA39D00AE9A14 /* people.swift in Sources */,
				B2E8412C2B61A5F40047CDC5 /* InputValidation.swift in Sources */,
				B2E841352B6228C80047CDC5 /* rcListView.swift in Sources */,
				B25C61932B729A31006BA793 /* ErrorDisplay.swift in Sources */,
				B23885D12B1ECBCE004ADCBF /* HttpStatusView.swift in Sources */,
				B2C00E052B89068A002A336F /* CreateNewPostView.swift in Sources */,
				B2CA3F7E2B6EB82D006E88CA /* guidelines.swift in Sources */,
				B2A7F0CD2B6836C8009EBC95 /* rcText.swift in Sources */,
				B23A8ADC2B7D421F00817686 /* rcCurrencyInput.swift in Sources */,
				B29182E42B922F5B00843098 /* ProfileView.swift in Sources */,
				B2ECFDC02BA8946200F33207 /* CreateArticleView.swift in Sources */,
				B23A8AEF2B7EA11000817686 /* rcActiveText.swift in Sources */,
				B2C00DFF2B87C521002A336F /* Constants.swift in Sources */,
				B28D14202B4F750000C8E387 /* BooleanDebug.swift in Sources */,
				B23885D92B2786B7004ADCBF /* ViewModel.swift in Sources */,
				B2FD539D2BFC5AB000C34CAA /* FlaggedPost.swift in Sources */,
				B28D142A2B530DB800C8E387 /* rcTextInput.swift in Sources */,
				B28160302BC096DE003143C5 /* General.swift in Sources */,
				B270E1272B8FA87700AE9A14 /* PeopleView.swift in Sources */,
				B25C61952B7547DE006BA793 /* HelperFunctions.swift in Sources */,
				B26246912B5F250800A54A6D /* Communities.swift in Sources */,
				B2A27B6E2B64463A00EBF902 /* PostLoginViewDecider.swift in Sources */,
				B2254B1F2AF70D8500A21DA3 /* APICaller.swift in Sources */,
				B2A27B702B657E1800EBF902 /* rcPhoneInput.swift in Sources */,
				B2E841292B61892C0047CDC5 /* rcQuestionPrompt.swift in Sources */,
				B2DE62442B9CECE30099FAB3 /* faq.swift in Sources */,
				B2ECFDC22BAB5FCB00F33207 /* SearchParameterSelectView.swift in Sources */,
				B25C619F2B7AC925006BA793 /* DonationView.swift in Sources */,
				B28D14272B53017500C8E387 /* UserProfile.swift in Sources */,
				B26246892B5EF43800A54A6D /* rcNavigationButton.swift in Sources */,
				B29EE0822BA60B9A000839F4 /* CommunityUpdatesView.swift in Sources */,
				B2FD53962BFC4EED00C34CAA /* AdminView.swift in Sources */,
				B2E841222B605EB30047CDC5 /* CommunityRequestsView.swift in Sources */,
				B23A8AEB2B7E8C8A00817686 /* rcComment.swift in Sources */,
				B20084962B5EE9610040BC60 /* JoinCommunityOrApplyView.swift in Sources */,
				B23A8AE52B7E84AE00817686 /* rcUpVote.swift in Sources */,
				B200849B2B5EEB160040BC60 /* rcButtonSecondary.swift in Sources */,
				B24176A72BA0C41F00060ECB /* rcImage.swift in Sources */,
				B29A9A722B6976340099E57F /* SidebarView.swift in Sources */,
				B2ECFDB82BA7B7A500F33207 /* community_updates.swift in Sources */,
				B28D14242B51C99100C8E387 /* APIResponseDisplay.swift in Sources */,
				B2E841272B606B700047CDC5 /* rcCommunitySelectDropdown.swift in Sources */,
				B23885ED2B2A3826004ADCBF /* AuthorizationVM.swift in Sources */,
				B2C2CFF22B82D74A0043A1D6 /* rcSearchView.swift in Sources */,
				B23885E92B2A32D8004ADCBF /* CreateUserView.swift in Sources */,
				B28D143C2B5AECEF00C8E387 /* profile.swift in Sources */,
				B2BE26342B7FD77600E3E2D6 /* rcIcon.swift in Sources */,
				B28D14392B5A42CF00C8E387 /* GeneralVM.swift in Sources */,
				B23169952BD6D32F000569F5 /* logs.swift in Sources */,
				B23885E52B2A2FD5004ADCBF /* LoginView.swift in Sources */,
				B2BD92E82B90F10900A50448 /* SearchAPIRequest.swift in Sources */,
				B23A8AED2B7E95C600817686 /* rcPinPost.swift in Sources */,
				B200849F2B5EECEE0040BC60 /* ApplyForCommunityView.swift in Sources */,
				B2A7F0CB2B683022009EBC95 /* rcTextLarge.swift in Sources */,
				B262468F2B5F24B000A54A6D /* ApplicationState.swift in Sources */,
				B262468C2B5EF6D500A54A6D /* rcNavigationText.swift in Sources */,
				B23885CA2B1E5116004ADCBF /* APIResponseCode.swift in Sources */,
				B2C2CFF62B852A890043A1D6 /* CommunityBoardVM.swift in Sources */,
				B23885EB2B2A3568004ADCBF /* HomeView.swift in Sources */,
				B2254AEE2AF6FD6A00A21DA3 /* RareConnectApp.swift in Sources */,
				B28D14322B5392FA00C8E387 /* rcDropdownSelect.swift in Sources */,
				B28D143E2B5AECF900C8E387 /* auth.swift in Sources */,
				B23A8AD82B7D356A00817686 /* rcTextField.swift in Sources */,
				B2C2CFF82B866F8A0043A1D6 /* rcCommentSection.swift in Sources */,
				B29182E82B926A6E00843098 /* rcRoleView.swift in Sources */,
				B2DE62482B9CEF6F0099FAB3 /* FaqVM.swift in Sources */,
				B25C61A12B7ACB21006BA793 /* DonationVM.swift in Sources */,
				B23885DF2B279887004ADCBF /* TableView.swift in Sources */,
				B23A8AE32B7E831E00817686 /* CommunityBoard.swift in Sources */,
				B2FD53942BFC4B9000C34CAA /* Admin.swift in Sources */,
				B28D142C2B530ED800C8E387 /* rcConditionalTextInput.swift in Sources */,
				B2E841202B605E4E0047CDC5 /* CommunitySelectView.swift in Sources */,
				B270E1252B8FA43F00AE9A14 /* SearchVM.swift in Sources */,
				B23A8AE92B7E887400817686 /* rcHorizontalScrollView.swift in Sources */,
				B2ECFDBE2BA7F1D200F33207 /* ArticleView.swift in Sources */,
				B2E841252B60666E0047CDC5 /* rcSelectableListItem.swift in Sources */,
				B2CA3F812B6EBBFF006E88CA /* CommunityGuidelinesView.swift in Sources */,
				B20084992B5EE9910040BC60 /* rcButton.swift in Sources */,
				B226F1CD2B938EB3001ED498 /* APIDispatcher.swift in Sources */,
				B270E1292B8FA93900AE9A14 /* rcDatabaseSearch.swift in Sources */,
				B26246932B5F27B000A54A6D /* communities.swift in Sources */,
				B2FD539A2BFC516F00C34CAA /* AdminVM.swift in Sources */,
				B2FD53922BFC4B5A00C34CAA /* admin.swift in Sources */,
				B2C00E032B890567002A336F /* rcPinnedPost.swift in Sources */,
				B25C619B2B7AC7C2006BA793 /* donation.swift in Sources */,
				B25C61972B7550CE006BA793 /* EditableView.swift in Sources */,
				B2DE624C2B9CF0FB0099FAB3 /* FAQView.swift in Sources */,
				B281602E2BC07D98003143C5 /* ButtonStyles.swift in Sources */,
				B28D142E2B53138000C8E387 /* rcNumberInput.swift in Sources */,
				B23169932BD452DA000569F5 /* AppStateClass.swift in Sources */,
				B25C619D2B7AC7F3006BA793 /* Donation.swift in Sources */,
				B24176A42B9F8CFD00060ECB /* CommunityBoardSearchView.swift in Sources */,
				B2A27B722B66F9CB00EBF902 /* rcSlideView.swift in Sources */,
				B2ECFDBC2BA7BC1400F33207 /* CommunityUpdatesVM.swift in Sources */,
				B28D14302B53140C00C8E387 /* rcEnumMultiSelect.swift in Sources */,
				B25C61992B755C18006BA793 /* EditingView.swift in Sources */,
				B28D14372B584A1800C8E387 /* LogoView.swift in Sources */,
				B2254B222AF70DC600A21DA3 /* APIBase.swift in Sources */,
				B200849D2B5EECD20040BC60 /* JoinCommunityView.swift in Sources */,
				B23885E72B2A32CD004ADCBF /* ForgotPasswordView.swift in Sources */,
				B2A27B6C2B62F93700EBF902 /* TimeElapsedView.swift in Sources */,
			);
			runOnlyForDeploymentPostprocessing = 0;
		};
		B2254AF82AF6FD6B00A21DA3 /* Sources */ = {
			isa = PBXSourcesBuildPhase;
			buildActionMask = 2147483647;
			files = (
				B2254B012AF6FD6B00A21DA3 /* IOSApplicationTests.swift in Sources */,
			);
			runOnlyForDeploymentPostprocessing = 0;
		};
		B2254B022AF6FD6B00A21DA3 /* Sources */ = {
			isa = PBXSourcesBuildPhase;
			buildActionMask = 2147483647;
			files = (
				B2254B0B2AF6FD6B00A21DA3 /* IOSApplicationUITests.swift in Sources */,
				B2254B0D2AF6FD6B00A21DA3 /* IOSApplicationUITestsLaunchTests.swift in Sources */,
			);
			runOnlyForDeploymentPostprocessing = 0;
		};
/* End PBXSourcesBuildPhase section */

/* Begin PBXTargetDependency section */
		B2254AFE2AF6FD6B00A21DA3 /* PBXTargetDependency */ = {
			isa = PBXTargetDependency;
			target = B2254AE92AF6FD6A00A21DA3 /* IOSApplication */;
			targetProxy = B2254AFD2AF6FD6B00A21DA3 /* PBXContainerItemProxy */;
		};
		B2254B082AF6FD6B00A21DA3 /* PBXTargetDependency */ = {
			isa = PBXTargetDependency;
			target = B2254AE92AF6FD6A00A21DA3 /* IOSApplication */;
			targetProxy = B2254B072AF6FD6B00A21DA3 /* PBXContainerItemProxy */;
		};
/* End PBXTargetDependency section */

/* Begin XCBuildConfiguration section */
		B2254B0E2AF6FD6B00A21DA3 /* Debug */ = {
			isa = XCBuildConfiguration;
			buildSettings = {
				ALWAYS_SEARCH_USER_PATHS = NO;
				ASSETCATALOG_COMPILER_GENERATE_SWIFT_ASSET_SYMBOL_EXTENSIONS = YES;
				CLANG_ANALYZER_NONNULL = YES;
				CLANG_ANALYZER_NUMBER_OBJECT_CONVERSION = YES_AGGRESSIVE;
				CLANG_CXX_LANGUAGE_STANDARD = "gnu++20";
				CLANG_ENABLE_MODULES = YES;
				CLANG_ENABLE_OBJC_ARC = YES;
				CLANG_ENABLE_OBJC_WEAK = YES;
				CLANG_WARN_BLOCK_CAPTURE_AUTORELEASING = YES;
				CLANG_WARN_BOOL_CONVERSION = YES;
				CLANG_WARN_COMMA = YES;
				CLANG_WARN_CONSTANT_CONVERSION = YES;
				CLANG_WARN_DEPRECATED_OBJC_IMPLEMENTATIONS = YES;
				CLANG_WARN_DIRECT_OBJC_ISA_USAGE = YES_ERROR;
				CLANG_WARN_DOCUMENTATION_COMMENTS = YES;
				CLANG_WARN_EMPTY_BODY = YES;
				CLANG_WARN_ENUM_CONVERSION = YES;
				CLANG_WARN_INFINITE_RECURSION = YES;
				CLANG_WARN_INT_CONVERSION = YES;
				CLANG_WARN_NON_LITERAL_NULL_CONVERSION = YES;
				CLANG_WARN_OBJC_IMPLICIT_RETAIN_SELF = YES;
				CLANG_WARN_OBJC_LITERAL_CONVERSION = YES;
				CLANG_WARN_OBJC_ROOT_CLASS = YES_ERROR;
				CLANG_WARN_QUOTED_INCLUDE_IN_FRAMEWORK_HEADER = YES;
				CLANG_WARN_RANGE_LOOP_ANALYSIS = YES;
				CLANG_WARN_STRICT_PROTOTYPES = YES;
				CLANG_WARN_SUSPICIOUS_MOVE = YES;
				CLANG_WARN_UNGUARDED_AVAILABILITY = YES_AGGRESSIVE;
				CLANG_WARN_UNREACHABLE_CODE = YES;
				CLANG_WARN__DUPLICATE_METHOD_MATCH = YES;
				COPY_PHASE_STRIP = NO;
				DEBUG_INFORMATION_FORMAT = dwarf;
				ENABLE_STRICT_OBJC_MSGSEND = YES;
				ENABLE_TESTABILITY = YES;
				ENABLE_USER_SCRIPT_SANDBOXING = YES;
				GCC_C_LANGUAGE_STANDARD = gnu17;
				GCC_DYNAMIC_NO_PIC = NO;
				GCC_NO_COMMON_BLOCKS = YES;
				GCC_OPTIMIZATION_LEVEL = 0;
				GCC_PREPROCESSOR_DEFINITIONS = (
					"DEBUG=1",
					"$(inherited)",
				);
				GCC_WARN_64_TO_32_BIT_CONVERSION = YES;
				GCC_WARN_ABOUT_RETURN_TYPE = YES_ERROR;
				GCC_WARN_UNDECLARED_SELECTOR = YES;
				GCC_WARN_UNINITIALIZED_AUTOS = YES_AGGRESSIVE;
				GCC_WARN_UNUSED_FUNCTION = YES;
				GCC_WARN_UNUSED_VARIABLE = YES;
				IPHONEOS_DEPLOYMENT_TARGET = 17.0;
				LOCALIZATION_PREFERS_STRING_CATALOGS = YES;
				MTL_ENABLE_DEBUG_INFO = INCLUDE_SOURCE;
				MTL_FAST_MATH = YES;
				ONLY_ACTIVE_ARCH = YES;
				SDKROOT = iphoneos;
				SWIFT_ACTIVE_COMPILATION_CONDITIONS = "DEBUG $(inherited)";
				SWIFT_OPTIMIZATION_LEVEL = "-Onone";
			};
			name = Debug;
		};
		B2254B0F2AF6FD6B00A21DA3 /* Release */ = {
			isa = XCBuildConfiguration;
			buildSettings = {
				ALWAYS_SEARCH_USER_PATHS = NO;
				ASSETCATALOG_COMPILER_GENERATE_SWIFT_ASSET_SYMBOL_EXTENSIONS = YES;
				CLANG_ANALYZER_NONNULL = YES;
				CLANG_ANALYZER_NUMBER_OBJECT_CONVERSION = YES_AGGRESSIVE;
				CLANG_CXX_LANGUAGE_STANDARD = "gnu++20";
				CLANG_ENABLE_MODULES = YES;
				CLANG_ENABLE_OBJC_ARC = YES;
				CLANG_ENABLE_OBJC_WEAK = YES;
				CLANG_WARN_BLOCK_CAPTURE_AUTORELEASING = YES;
				CLANG_WARN_BOOL_CONVERSION = YES;
				CLANG_WARN_COMMA = YES;
				CLANG_WARN_CONSTANT_CONVERSION = YES;
				CLANG_WARN_DEPRECATED_OBJC_IMPLEMENTATIONS = YES;
				CLANG_WARN_DIRECT_OBJC_ISA_USAGE = YES_ERROR;
				CLANG_WARN_DOCUMENTATION_COMMENTS = YES;
				CLANG_WARN_EMPTY_BODY = YES;
				CLANG_WARN_ENUM_CONVERSION = YES;
				CLANG_WARN_INFINITE_RECURSION = YES;
				CLANG_WARN_INT_CONVERSION = YES;
				CLANG_WARN_NON_LITERAL_NULL_CONVERSION = YES;
				CLANG_WARN_OBJC_IMPLICIT_RETAIN_SELF = YES;
				CLANG_WARN_OBJC_LITERAL_CONVERSION = YES;
				CLANG_WARN_OBJC_ROOT_CLASS = YES_ERROR;
				CLANG_WARN_QUOTED_INCLUDE_IN_FRAMEWORK_HEADER = YES;
				CLANG_WARN_RANGE_LOOP_ANALYSIS = YES;
				CLANG_WARN_STRICT_PROTOTYPES = YES;
				CLANG_WARN_SUSPICIOUS_MOVE = YES;
				CLANG_WARN_UNGUARDED_AVAILABILITY = YES_AGGRESSIVE;
				CLANG_WARN_UNREACHABLE_CODE = YES;
				CLANG_WARN__DUPLICATE_METHOD_MATCH = YES;
				COPY_PHASE_STRIP = NO;
				DEBUG_INFORMATION_FORMAT = "dwarf-with-dsym";
				ENABLE_NS_ASSERTIONS = NO;
				ENABLE_STRICT_OBJC_MSGSEND = YES;
				ENABLE_USER_SCRIPT_SANDBOXING = YES;
				GCC_C_LANGUAGE_STANDARD = gnu17;
				GCC_NO_COMMON_BLOCKS = YES;
				GCC_WARN_64_TO_32_BIT_CONVERSION = YES;
				GCC_WARN_ABOUT_RETURN_TYPE = YES_ERROR;
				GCC_WARN_UNDECLARED_SELECTOR = YES;
				GCC_WARN_UNINITIALIZED_AUTOS = YES_AGGRESSIVE;
				GCC_WARN_UNUSED_FUNCTION = YES;
				GCC_WARN_UNUSED_VARIABLE = YES;
				IPHONEOS_DEPLOYMENT_TARGET = 17.0;
				LOCALIZATION_PREFERS_STRING_CATALOGS = YES;
				MTL_ENABLE_DEBUG_INFO = NO;
				MTL_FAST_MATH = YES;
				SDKROOT = iphoneos;
				SWIFT_COMPILATION_MODE = wholemodule;
				VALIDATE_PRODUCT = YES;
			};
			name = Release;
		};
		B2254B112AF6FD6B00A21DA3 /* Debug */ = {
			isa = XCBuildConfiguration;
			baseConfigurationReference = 48E992F9A8F73352E7BC2D7D /* Pods-IOSApplication.debug.xcconfig */;
			buildSettings = {
				ASSETCATALOG_COMPILER_APPICON_NAME = AppIcon;
				ASSETCATALOG_COMPILER_GLOBAL_ACCENT_COLOR_NAME = AccentColor;
				CODE_SIGN_STYLE = Automatic;
				CURRENT_PROJECT_VERSION = 1;
				DEVELOPMENT_ASSET_PATHS = "\"IOSApplication/Preview Content\"";
				ENABLE_PREVIEWS = NO;
				ENABLE_USER_SCRIPT_SANDBOXING = NO;
				GENERATE_INFOPLIST_FILE = YES;
				INFOPLIST_KEY_UIApplicationSceneManifest_Generation = YES;
				INFOPLIST_KEY_UIApplicationSupportsIndirectInputEvents = YES;
				INFOPLIST_KEY_UILaunchScreen_Generation = YES;
				INFOPLIST_KEY_UISupportedInterfaceOrientations_iPad = "UIInterfaceOrientationPortrait UIInterfaceOrientationPortraitUpsideDown UIInterfaceOrientationLandscapeLeft UIInterfaceOrientationLandscapeRight";
				INFOPLIST_KEY_UISupportedInterfaceOrientations_iPhone = "UIInterfaceOrientationPortrait UIInterfaceOrientationLandscapeLeft UIInterfaceOrientationLandscapeRight";
				LD_RUNPATH_SEARCH_PATHS = (
					"$(inherited)",
					"@executable_path/Frameworks",
				);
				MARKETING_VERSION = 1.0;
				PRODUCT_BUNDLE_IDENTIFIER = RareConnect.IOSApplication;
				PRODUCT_NAME = "$(TARGET_NAME)";
				SWIFT_EMIT_LOC_STRINGS = YES;
				SWIFT_VERSION = 5.0;
				TARGETED_DEVICE_FAMILY = "1,2";
			};
			name = Debug;
		};
		B2254B122AF6FD6B00A21DA3 /* Release */ = {
			isa = XCBuildConfiguration;
			baseConfigurationReference = 4EBE26D127719FA2B44E2EB1 /* Pods-IOSApplication.release.xcconfig */;
			buildSettings = {
				ASSETCATALOG_COMPILER_APPICON_NAME = AppIcon;
				ASSETCATALOG_COMPILER_GLOBAL_ACCENT_COLOR_NAME = AccentColor;
				CODE_SIGN_STYLE = Automatic;
				CURRENT_PROJECT_VERSION = 1;
				DEVELOPMENT_ASSET_PATHS = "\"IOSApplication/Preview Content\"";
				ENABLE_PREVIEWS = NO;
				ENABLE_USER_SCRIPT_SANDBOXING = NO;
				GENERATE_INFOPLIST_FILE = YES;
				INFOPLIST_KEY_UIApplicationSceneManifest_Generation = YES;
				INFOPLIST_KEY_UIApplicationSupportsIndirectInputEvents = YES;
				INFOPLIST_KEY_UILaunchScreen_Generation = YES;
				INFOPLIST_KEY_UISupportedInterfaceOrientations_iPad = "UIInterfaceOrientationPortrait UIInterfaceOrientationPortraitUpsideDown UIInterfaceOrientationLandscapeLeft UIInterfaceOrientationLandscapeRight";
				INFOPLIST_KEY_UISupportedInterfaceOrientations_iPhone = "UIInterfaceOrientationPortrait UIInterfaceOrientationLandscapeLeft UIInterfaceOrientationLandscapeRight";
				LD_RUNPATH_SEARCH_PATHS = (
					"$(inherited)",
					"@executable_path/Frameworks",
				);
				MARKETING_VERSION = 1.0;
				PRODUCT_BUNDLE_IDENTIFIER = RareConnect.IOSApplication;
				PRODUCT_NAME = "$(TARGET_NAME)";
				SWIFT_EMIT_LOC_STRINGS = YES;
				SWIFT_VERSION = 5.0;
				TARGETED_DEVICE_FAMILY = "1,2";
			};
			name = Release;
		};
		B2254B142AF6FD6B00A21DA3 /* Debug */ = {
			isa = XCBuildConfiguration;
			baseConfigurationReference = 3BCC22450389D4127B6CF027 /* Pods-IOSApplicationTests.debug.xcconfig */;
			buildSettings = {
				ALWAYS_EMBED_SWIFT_STANDARD_LIBRARIES = YES;
				BUNDLE_LOADER = "$(TEST_HOST)";
				CODE_SIGN_STYLE = Automatic;
				CURRENT_PROJECT_VERSION = 1;
				GENERATE_INFOPLIST_FILE = YES;
				IPHONEOS_DEPLOYMENT_TARGET = 17.0;
				MARKETING_VERSION = 1.0;
				PRODUCT_BUNDLE_IDENTIFIER = RareConnect.IOSApplicationTests;
				PRODUCT_NAME = "$(TARGET_NAME)";
				SWIFT_EMIT_LOC_STRINGS = NO;
				SWIFT_VERSION = 5.0;
				TARGETED_DEVICE_FAMILY = "1,2";
				TEST_HOST = "$(BUILT_PRODUCTS_DIR)/IOSApplication.app/$(BUNDLE_EXECUTABLE_FOLDER_PATH)/IOSApplication";
			};
			name = Debug;
		};
		B2254B152AF6FD6B00A21DA3 /* Release */ = {
			isa = XCBuildConfiguration;
			baseConfigurationReference = 605AA3D019391EDCAA0405DF /* Pods-IOSApplicationTests.release.xcconfig */;
			buildSettings = {
				ALWAYS_EMBED_SWIFT_STANDARD_LIBRARIES = YES;
				BUNDLE_LOADER = "$(TEST_HOST)";
				CODE_SIGN_STYLE = Automatic;
				CURRENT_PROJECT_VERSION = 1;
				GENERATE_INFOPLIST_FILE = YES;
				IPHONEOS_DEPLOYMENT_TARGET = 17.0;
				MARKETING_VERSION = 1.0;
				PRODUCT_BUNDLE_IDENTIFIER = RareConnect.IOSApplicationTests;
				PRODUCT_NAME = "$(TARGET_NAME)";
				SWIFT_EMIT_LOC_STRINGS = NO;
				SWIFT_VERSION = 5.0;
				TARGETED_DEVICE_FAMILY = "1,2";
				TEST_HOST = "$(BUILT_PRODUCTS_DIR)/IOSApplication.app/$(BUNDLE_EXECUTABLE_FOLDER_PATH)/IOSApplication";
			};
			name = Release;
		};
		B2254B172AF6FD6B00A21DA3 /* Debug */ = {
			isa = XCBuildConfiguration;
			baseConfigurationReference = B75A533A152223873802699A /* Pods-IOSApplication-IOSApplicationUITests.debug.xcconfig */;
			buildSettings = {
				ALWAYS_EMBED_SWIFT_STANDARD_LIBRARIES = YES;
				CODE_SIGN_STYLE = Automatic;
				CURRENT_PROJECT_VERSION = 1;
				GENERATE_INFOPLIST_FILE = YES;
				MARKETING_VERSION = 1.0;
				PRODUCT_BUNDLE_IDENTIFIER = RareConnect.IOSApplicationUITests;
				PRODUCT_NAME = "$(TARGET_NAME)";
				SWIFT_EMIT_LOC_STRINGS = NO;
				SWIFT_VERSION = 5.0;
				TARGETED_DEVICE_FAMILY = "1,2";
				TEST_TARGET_NAME = IOSApplication;
			};
			name = Debug;
		};
		B2254B182AF6FD6B00A21DA3 /* Release */ = {
			isa = XCBuildConfiguration;
			baseConfigurationReference = 09B5FC0BD5D4751ACDB264F2 /* Pods-IOSApplication-IOSApplicationUITests.release.xcconfig */;
			buildSettings = {
				ALWAYS_EMBED_SWIFT_STANDARD_LIBRARIES = YES;
				CODE_SIGN_STYLE = Automatic;
				CURRENT_PROJECT_VERSION = 1;
				GENERATE_INFOPLIST_FILE = YES;
				MARKETING_VERSION = 1.0;
				PRODUCT_BUNDLE_IDENTIFIER = RareConnect.IOSApplicationUITests;
				PRODUCT_NAME = "$(TARGET_NAME)";
				SWIFT_EMIT_LOC_STRINGS = NO;
				SWIFT_VERSION = 5.0;
				TARGETED_DEVICE_FAMILY = "1,2";
				TEST_TARGET_NAME = IOSApplication;
			};
			name = Release;
		};
/* End XCBuildConfiguration section */

/* Begin XCConfigurationList section */
		B2254AE52AF6FD6A00A21DA3 /* Build configuration list for PBXProject "IOSApplication" */ = {
			isa = XCConfigurationList;
			buildConfigurations = (
				B2254B0E2AF6FD6B00A21DA3 /* Debug */,
				B2254B0F2AF6FD6B00A21DA3 /* Release */,
			);
			defaultConfigurationIsVisible = 0;
			defaultConfigurationName = Release;
		};
		B2254B102AF6FD6B00A21DA3 /* Build configuration list for PBXNativeTarget "IOSApplication" */ = {
			isa = XCConfigurationList;
			buildConfigurations = (
				B2254B112AF6FD6B00A21DA3 /* Debug */,
				B2254B122AF6FD6B00A21DA3 /* Release */,
			);
			defaultConfigurationIsVisible = 0;
			defaultConfigurationName = Release;
		};
		B2254B132AF6FD6B00A21DA3 /* Build configuration list for PBXNativeTarget "IOSApplicationTests" */ = {
			isa = XCConfigurationList;
			buildConfigurations = (
				B2254B142AF6FD6B00A21DA3 /* Debug */,
				B2254B152AF6FD6B00A21DA3 /* Release */,
			);
			defaultConfigurationIsVisible = 0;
			defaultConfigurationName = Release;
		};
		B2254B162AF6FD6B00A21DA3 /* Build configuration list for PBXNativeTarget "IOSApplicationUITests" */ = {
			isa = XCConfigurationList;
			buildConfigurations = (
				B2254B172AF6FD6B00A21DA3 /* Debug */,
				B2254B182AF6FD6B00A21DA3 /* Release */,
			);
			defaultConfigurationIsVisible = 0;
			defaultConfigurationName = Release;
		};
/* End XCConfigurationList section */

/* Begin XCRemoteSwiftPackageReference section */
		B23A8ADD2B7D4DEF00817686 /* XCRemoteSwiftPackageReference "swiftui-currency-field" */ = {
			isa = XCRemoteSwiftPackageReference;
			repositoryURL = "https://github.com/jtrinc/swiftui-currency-field";
			requirement = {
				kind = upToNextMajorVersion;
				minimumVersion = 1.0.2;
			};
		};
		B2E8412D2B61A7BD0047CDC5 /* XCRemoteSwiftPackageReference "iPhoneNumberField" */ = {
			isa = XCRemoteSwiftPackageReference;
			repositoryURL = "https://github.com/MojtabaHs/iPhoneNumberField.git";
			requirement = {
				kind = upToNextMajorVersion;
				minimumVersion = 0.10.1;
			};
		};
/* End XCRemoteSwiftPackageReference section */

/* Begin XCSwiftPackageProductDependency section */
		B23A8ADE2B7D4DEF00817686 /* CurrencyField */ = {
			isa = XCSwiftPackageProductDependency;
			package = B23A8ADD2B7D4DEF00817686 /* XCRemoteSwiftPackageReference "swiftui-currency-field" */;
			productName = CurrencyField;
		};
		B2E8412E2B61A7BD0047CDC5 /* iPhoneNumberField */ = {
			isa = XCSwiftPackageProductDependency;
			package = B2E8412D2B61A7BD0047CDC5 /* XCRemoteSwiftPackageReference "iPhoneNumberField" */;
			productName = iPhoneNumberField;
		};
/* End XCSwiftPackageProductDependency section */
	};
	rootObject = B2254AE22AF6FD6A00A21DA3 /* Project object */;
}
